// !$*UTF8*$!
{
	archiveVersion = 1;
	classes = {
	};
	objectVersion = 77;
	objects = {

/* Begin PBXBuildFile section */
		451AC6422E5F8DFF00E53BE3 /* Localizable.strings in Resources */ = {isa = PBXBuildFile; fileRef = 451AC6402E5F8DFF00E53BE3 /* Localizable.strings */; };
		451AC6432E5F8DFF00E53BE3 /* InfoPlist.strings in Resources */ = {isa = PBXBuildFile; fileRef = 451AC6392E5F8DFF00E53BE3 /* InfoPlist.strings */; };
		451AC6442E5F8DFF00E53BE3 /* InfoPlist.strings in Resources */ = {isa = PBXBuildFile; fileRef = 451AC63E2E5F8DFF00E53BE3 /* InfoPlist.strings */; };
		451AC6452E5F8DFF00E53BE3 /* Localizable.strings in Resources */ = {isa = PBXBuildFile; fileRef = 451AC63B2E5F8DFF00E53BE3 /* Localizable.strings */; };
		451AC6462E5F8DFF00E53BE3 /* Localizable.strings in Resources */ = {isa = PBXBuildFile; fileRef = 451AC6402E5F8DFF00E53BE3 /* Localizable.strings */; };
		451AC6472E5F8DFF00E53BE3 /* InfoPlist.strings in Resources */ = {isa = PBXBuildFile; fileRef = 451AC6392E5F8DFF00E53BE3 /* InfoPlist.strings */; };
		451AC6482E5F8DFF00E53BE3 /* InfoPlist.strings in Resources */ = {isa = PBXBuildFile; fileRef = 451AC63E2E5F8DFF00E53BE3 /* InfoPlist.strings */; };
		451AC6492E5F8DFF00E53BE3 /* Localizable.strings in Resources */ = {isa = PBXBuildFile; fileRef = 451AC63B2E5F8DFF00E53BE3 /* Localizable.strings */; };
		453F617D2D7752400075A3F9 /* ImageViewer.swift in Sources */ = {isa = PBXBuildFile; fileRef = 453F617C2D7752400075A3F9 /* ImageViewer.swift */; };
		454014F52B712FDD003A7E24 /* GRDB in Frameworks */ = {isa = PBXBuildFile; productRef = 454014F42B712FDD003A7E24 /* GRDB */; };
		454014F82B71322B003A7E24 /* Database.swift in Sources */ = {isa = PBXBuildFile; fileRef = 454014F72B71322B003A7E24 /* Database.swift */; };
		454014FD2B722437003A7E24 /* GRDBQuery in Frameworks */ = {isa = PBXBuildFile; productRef = 454014FC2B722437003A7E24 /* GRDBQuery */; };
		454014FF2B7278C0003A7E24 /* Log.swift in Sources */ = {isa = PBXBuildFile; fileRef = 454014FE2B7278C0003A7E24 /* Log.swift */; };
		454328D42B76148D007956A0 /* KeyboardVisibility.swift in Sources */ = {isa = PBXBuildFile; fileRef = 454328D32B76148D007956A0 /* KeyboardVisibility.swift */; };
		454328D82B763480007956A0 /* Resource.swift in Sources */ = {isa = PBXBuildFile; fileRef = 454328D72B763480007956A0 /* Resource.swift */; };
		454328DA2B763527007956A0 /* ResourceFormView.swift in Sources */ = {isa = PBXBuildFile; fileRef = 454328D92B763527007956A0 /* ResourceFormView.swift */; };
		454328DC2B7635AC007956A0 /* FormView.swift in Sources */ = {isa = PBXBuildFile; fileRef = 454328DB2B7635AC007956A0 /* FormView.swift */; };
		454328E22B76D4F3007956A0 /* HighlightButtonStyle.swift in Sources */ = {isa = PBXBuildFile; fileRef = 454328E12B76D4F3007956A0 /* HighlightButtonStyle.swift */; };
		454D8CBB2E92AA7A00AF382D /* Localization.swift in Sources */ = {isa = PBXBuildFile; fileRef = 454D8CBA2E92AA7A00AF382D /* Localization.swift */; };
		454D8CBC2E92AA7A00AF382D /* Localization.swift in Sources */ = {isa = PBXBuildFile; fileRef = 454D8CBA2E92AA7A00AF382D /* Localization.swift */; };
		454D8CBE2E92AA8B00AF382D /* ImageProcessingService.swift in Sources */ = {isa = PBXBuildFile; fileRef = 454D8CBD2E92AA8B00AF382D /* ImageProcessingService.swift */; };
		454D8CBF2E92AA8B00AF382D /* ImageProcessingService.swift in Sources */ = {isa = PBXBuildFile; fileRef = 454D8CBD2E92AA8B00AF382D /* ImageProcessingService.swift */; };
		454D8CC02E92AAD400AF382D /* ImageSaliencyService.swift in Sources */ = {isa = PBXBuildFile; fileRef = 45F8C8F02BE96F0A004D8718 /* ImageSaliencyService.swift */; };
		454D8CC22E93B1EC00AF382D /* MomentsMedium.swift in Sources */ = {isa = PBXBuildFile; fileRef = 454D8CC12E93B1EC00AF382D /* MomentsMedium.swift */; };
		454D8CC42E93B20D00AF382D /* MomentsSmall.swift in Sources */ = {isa = PBXBuildFile; fileRef = 454D8CC32E93B20D00AF382D /* MomentsSmall.swift */; };
		454D8CC62E93B23400AF382D /* MomentTile.swift in Sources */ = {isa = PBXBuildFile; fileRef = 454D8CC52E93B23400AF382D /* MomentTile.swift */; };
		455736AB2E957C5600EF22DC /* ImageSaver.swift in Sources */ = {isa = PBXBuildFile; fileRef = 45E0180A2B8228F7009C594F /* ImageSaver.swift */; };
		455736AD2E98104500EF22DC /* WidgetImageMigrationService.swift in Sources */ = {isa = PBXBuildFile; fileRef = 455736AC2E98104500EF22DC /* WidgetImageMigrationService.swift */; };
		4558FB862B874D6C009D506C /* HighlightView.swift in Sources */ = {isa = PBXBuildFile; fileRef = 4558FB852B874D6C009D506C /* HighlightView.swift */; };
		4558FB9F2B87A601009D506C /* HappyGradients.swift in Sources */ = {isa = PBXBuildFile; fileRef = 4558FB9E2B87A601009D506C /* HappyGradients.swift */; };
		4558FBA22B87B0D5009D506C /* Hue in Frameworks */ = {isa = PBXBuildFile; productRef = 4558FBA12B87B0D5009D506C /* Hue */; };
		455FECA72B90FAFF006A2592 /* README.md in Resources */ = {isa = PBXBuildFile; fileRef = 455FECA62B90FAFF006A2592 /* README.md */; };
		45783E742E5F9BD000DDAC08 /* OnboardingData.swift in Sources */ = {isa = PBXBuildFile; fileRef = 45783E732E5F9BD000DDAC08 /* OnboardingData.swift */; };
		45783E752E5F9BD000DDAC08 /* OnboardingData.swift in Sources */ = {isa = PBXBuildFile; fileRef = 45783E732E5F9BD000DDAC08 /* OnboardingData.swift */; };
		45783E782E5F9BDE00DDAC08 /* OnboardingView.swift in Sources */ = {isa = PBXBuildFile; fileRef = 45783E772E5F9BDE00DDAC08 /* OnboardingView.swift */; };
		45783E792E5F9BDE00DDAC08 /* OnboardingPageView.swift in Sources */ = {isa = PBXBuildFile; fileRef = 45783E762E5F9BDE00DDAC08 /* OnboardingPageView.swift */; };
		457DED642D80569900BE5F24 /* .swift-format in Resources */ = {isa = PBXBuildFile; fileRef = 457DED632D80569600BE5F24 /* .swift-format */; };
		457E5AD02B8E81D800F2E268 /* SmoothGradient in Frameworks */ = {isa = PBXBuildFile; productRef = 457E5ACF2B8E81D800F2E268 /* SmoothGradient */; };
		459792C72B74FEBD0047A555 /* SwiftUIIntrospect in Frameworks */ = {isa = PBXBuildFile; productRef = 459792C62B74FEBD0047A555 /* SwiftUIIntrospect */; };
		459BE7832B8E9C1000433B60 /* TitleCased.swift in Sources */ = {isa = PBXBuildFile; fileRef = 459BE7822B8E9C1000433B60 /* TitleCased.swift */; };
		459BE78B2B8FC69500433B60 /* Throttler in Frameworks */ = {isa = PBXBuildFile; productRef = 459BE78A2B8FC69500433B60 /* Throttler */; };
		45ADE78D2BFFC6C800303B4B /* MotivationSmall.swift in Sources */ = {isa = PBXBuildFile; fileRef = 45ADE7892BFFC65700303B4B /* MotivationSmall.swift */; };
		45ADE78E2BFFC6CD00303B4B /* HighlightsTile.swift in Sources */ = {isa = PBXBuildFile; fileRef = 45ADE78B2BFFC6AD00303B4B /* HighlightsTile.swift */; };
		45ADE7912BFFC84800303B4B /* ResourcesTile.swift in Sources */ = {isa = PBXBuildFile; fileRef = 45ADE78F2BFFC72000303B4B /* ResourcesTile.swift */; };
		45ADE7922BFFC92700303B4B /* WidgetIntent.swift in Sources */ = {isa = PBXBuildFile; fileRef = 45AFCB8F2BE03A3B009D1FD4 /* WidgetIntent.swift */; };
		45ADE7962BFFCD1E00303B4B /* Environment.swift in Sources */ = {isa = PBXBuildFile; fileRef = 45ADE7952BFFCD1E00303B4B /* Environment.swift */; };
		45ADE7982C00BC6500303B4B /* Environment.swift in Sources */ = {isa = PBXBuildFile; fileRef = 45ADE7952BFFCD1E00303B4B /* Environment.swift */; };
		45AF8E792BB0D247006AF22E /* Error.swift in Sources */ = {isa = PBXBuildFile; fileRef = 45AF8E782BB0D247006AF22E /* Error.swift */; };
		45AFCB882BE03A3B009D1FD4 /* WidgetKit.framework in Frameworks */ = {isa = PBXBuildFile; fileRef = 459BE7922B8FC93B00433B60 /* WidgetKit.framework */; };
		45AFCB892BE03A3B009D1FD4 /* SwiftUI.framework in Frameworks */ = {isa = PBXBuildFile; fileRef = 459BE7942B8FC93B00433B60 /* SwiftUI.framework */; };
		45AFCB8C2BE03A3B009D1FD4 /* WidgetsBundle.swift in Sources */ = {isa = PBXBuildFile; fileRef = 45AFCB8B2BE03A3B009D1FD4 /* WidgetsBundle.swift */; };
		45AFCB8E2BE03A3B009D1FD4 /* MomentsWidget.swift in Sources */ = {isa = PBXBuildFile; fileRef = 45AFCB8D2BE03A3B009D1FD4 /* MomentsWidget.swift */; };
		45AFCB902BE03A3B009D1FD4 /* WidgetIntent.swift in Sources */ = {isa = PBXBuildFile; fileRef = 45AFCB8F2BE03A3B009D1FD4 /* WidgetIntent.swift */; };
		45AFCB922BE03A3D009D1FD4 /* Assets.xcassets in Resources */ = {isa = PBXBuildFile; fileRef = 45AFCB912BE03A3D009D1FD4 /* Assets.xcassets */; };
		45AFCB962BE03A3D009D1FD4 /* WidgetsExtension.appex in Embed Foundation Extensions */ = {isa = PBXBuildFile; fileRef = 45AFCB872BE03A3B009D1FD4 /* WidgetsExtension.appex */; settings = {ATTRIBUTES = (RemoveHeadersOnCopy, ); }; };
		45AFCB9A2BE03A7E009D1FD4 /* TitleCased.swift in Sources */ = {isa = PBXBuildFile; fileRef = 459BE7822B8E9C1000433B60 /* TitleCased.swift */; };
		45AFCB9B2BE03A81009D1FD4 /* Error.swift in Sources */ = {isa = PBXBuildFile; fileRef = 45AF8E782BB0D247006AF22E /* Error.swift */; };
		45AFCB9C2BE03A83009D1FD4 /* Moment.swift in Sources */ = {isa = PBXBuildFile; fileRef = 45E1655F2B4EF96700F55A17 /* Moment.swift */; };
		45AFCB9D2BE03A85009D1FD4 /* Resource.swift in Sources */ = {isa = PBXBuildFile; fileRef = 454328D72B763480007956A0 /* Resource.swift */; };
		45AFCB9F2BE03A8A009D1FD4 /* FileManager.swift in Sources */ = {isa = PBXBuildFile; fileRef = 45E0180C2B822900009C594F /* FileManager.swift */; };
		45AFCBA02BE03A92009D1FD4 /* HappyGradients.swift in Sources */ = {isa = PBXBuildFile; fileRef = 4558FB9E2B87A601009D506C /* HappyGradients.swift */; };
		45AFCBA22BE03AA8009D1FD4 /* GRDB in Frameworks */ = {isa = PBXBuildFile; productRef = 45AFCBA12BE03AA8009D1FD4 /* GRDB */; };
		45AFCBA42BE03AA8009D1FD4 /* GRDBQuery in Frameworks */ = {isa = PBXBuildFile; productRef = 45AFCBA32BE03AA8009D1FD4 /* GRDBQuery */; };
		45AFCBA62BE03AA8009D1FD4 /* Hue in Frameworks */ = {isa = PBXBuildFile; productRef = 45AFCBA52BE03AA8009D1FD4 /* Hue */; };
		45AFCBA82BE03AA8009D1FD4 /* SmoothGradient in Frameworks */ = {isa = PBXBuildFile; productRef = 45AFCBA72BE03AA8009D1FD4 /* SmoothGradient */; };
		45AFCBA92BE03D2F009D1FD4 /* Combine.framework in Frameworks */ = {isa = PBXBuildFile; fileRef = 45BBB2172BE036B20096E137 /* Combine.framework */; };
		45AFCBAA2BE0444C009D1FD4 /* Log.swift in Sources */ = {isa = PBXBuildFile; fileRef = 454014FE2B7278C0003A7E24 /* Log.swift */; };
		45AFCBB02BE37E5B009D1FD4 /* Database.swift in Sources */ = {isa = PBXBuildFile; fileRef = 454014F72B71322B003A7E24 /* Database.swift */; };
		45AFCBB22BE4181D009D1FD4 /* WidgetDate.swift in Sources */ = {isa = PBXBuildFile; fileRef = 45AFCBB12BE4181D009D1FD4 /* WidgetDate.swift */; };
		45AFCBB42BE4CFFF009D1FD4 /* Calendar.swift in Sources */ = {isa = PBXBuildFile; fileRef = 45AFCBB32BE4CFFF009D1FD4 /* Calendar.swift */; };
		45AFCBB52BE4CFFF009D1FD4 /* Calendar.swift in Sources */ = {isa = PBXBuildFile; fileRef = 45AFCBB32BE4CFFF009D1FD4 /* Calendar.swift */; };
		45AFCBB72BE4E5C0009D1FD4 /* Date.swift in Sources */ = {isa = PBXBuildFile; fileRef = 45AFCBB62BE4E5C0009D1FD4 /* Date.swift */; };
		45AFCBB82BE4E5C0009D1FD4 /* Date.swift in Sources */ = {isa = PBXBuildFile; fileRef = 45AFCBB62BE4E5C0009D1FD4 /* Date.swift */; };
		45B6F6E22B4EF0B8003A42F8 /* StayHappyApp.swift in Sources */ = {isa = PBXBuildFile; fileRef = 45B6F6E12B4EF0B8003A42F8 /* StayHappyApp.swift */; };
		45B6F6E82B4EF0BA003A42F8 /* Assets.xcassets in Resources */ = {isa = PBXBuildFile; fileRef = 45B6F6E72B4EF0BA003A42F8 /* Assets.xcassets */; };
		45B6F6EB2B4EF0BA003A42F8 /* Preview Assets.xcassets in Resources */ = {isa = PBXBuildFile; fileRef = 45B6F6EA2B4EF0BA003A42F8 /* Preview Assets.xcassets */; };
		45B6F6F72B4EF0BA003A42F8 /* StayHappyTests.swift in Sources */ = {isa = PBXBuildFile; fileRef = 45B6F6F62B4EF0BA003A42F8 /* StayHappyTests.swift */; };
		45B6F7012B4EF0BA003A42F8 /* StayHappyUITests.swift in Sources */ = {isa = PBXBuildFile; fileRef = 45B6F7002B4EF0BA003A42F8 /* StayHappyUITests.swift */; };
		45B6F7032B4EF0BA003A42F8 /* StayHappyUITestsLaunchTests.swift in Sources */ = {isa = PBXBuildFile; fileRef = 45B6F7022B4EF0BA003A42F8 /* StayHappyUITestsLaunchTests.swift */; };
		45BBE2382B628E5B0076D062 /* MomentsView.swift in Sources */ = {isa = PBXBuildFile; fileRef = 45BBE2372B628E5B0076D062 /* MomentsView.swift */; };
		45BBE23C2B67E83B0076D062 /* NavigationBarView.swift in Sources */ = {isa = PBXBuildFile; fileRef = 45BBE23B2B67E83B0076D062 /* NavigationBarView.swift */; };
		45BBE2422B68E5E10076D062 /* ResourcesView.swift in Sources */ = {isa = PBXBuildFile; fileRef = 45BBE2412B68E5E10076D062 /* ResourcesView.swift */; };
		45BBE2462B69939D0076D062 /* MomentFormView.swift in Sources */ = {isa = PBXBuildFile; fileRef = 45BBE2452B69939D0076D062 /* MomentFormView.swift */; };
		45C3DC112EABFF4E005DD41F /* StayHappyIcon.icon in Resources */ = {isa = PBXBuildFile; fileRef = 45C3DC102EABFF4E005DD41F /* StayHappyIcon.icon */; };
		45C99AB52B73984600F61E8D /* Pow in Frameworks */ = {isa = PBXBuildFile; productRef = 45C99AB42B73984600F61E8D /* Pow */; };
		45CC79B92C07C5B400D254E5 /* MotivationMedium.swift in Sources */ = {isa = PBXBuildFile; fileRef = 45CC79B82C07C5B400D254E5 /* MotivationMedium.swift */; };
		45E0180B2B8228F7009C594F /* ImageSaver.swift in Sources */ = {isa = PBXBuildFile; fileRef = 45E0180A2B8228F7009C594F /* ImageSaver.swift */; };
		45E0180D2B822900009C594F /* FileManager.swift in Sources */ = {isa = PBXBuildFile; fileRef = 45E0180C2B822900009C594F /* FileManager.swift */; };
		45E1655B2B4EF68700F55A17 /* RootView.swift in Sources */ = {isa = PBXBuildFile; fileRef = 45E1655A2B4EF68700F55A17 /* RootView.swift */; };
		45E165602B4EF96700F55A17 /* Moment.swift in Sources */ = {isa = PBXBuildFile; fileRef = 45E1655F2B4EF96700F55A17 /* Moment.swift */; };
		45E4F72F2B6BC2CF005C0E77 /* MomentView.swift in Sources */ = {isa = PBXBuildFile; fileRef = 45E4F72E2B6BC2CF005C0E77 /* MomentView.swift */; };
		45E4F7312B6C3B2F005C0E77 /* HelpView.swift in Sources */ = {isa = PBXBuildFile; fileRef = 45E4F7302B6C3B2F005C0E77 /* HelpView.swift */; };
		45E4F7332B6C3B7E005C0E77 /* HighlightsView.swift in Sources */ = {isa = PBXBuildFile; fileRef = 45E4F7322B6C3B7E005C0E77 /* HighlightsView.swift */; };
		45F8C8F12BE96F0B004D8718 /* ImageSaliencyService.swift in Sources */ = {isa = PBXBuildFile; fileRef = 45F8C8F02BE96F0A004D8718 /* ImageSaliencyService.swift */; };
		45F8C8F32BE96F9F004D8718 /* Image.swift in Sources */ = {isa = PBXBuildFile; fileRef = 45F8C8F22BE96F9F004D8718 /* Image.swift */; };
		45F8C8F42BE97C17004D8718 /* Image.swift in Sources */ = {isa = PBXBuildFile; fileRef = 45F8C8F22BE96F9F004D8718 /* Image.swift */; };
		45F8C8FF2BEB96E7004D8718 /* QuickLookService.swift in Sources */ = {isa = PBXBuildFile; fileRef = 45F8C8FE2BEB96E7004D8718 /* QuickLookService.swift */; };
		45F8C9052BEFF650004D8718 /* MotivationWidget.swift in Sources */ = {isa = PBXBuildFile; fileRef = 45F8C9032BEFF650004D8718 /* MotivationWidget.swift */; };
/* End PBXBuildFile section */

/* Begin PBXContainerItemProxy section */
		45AFCB942BE03A3D009D1FD4 /* PBXContainerItemProxy */ = {
			isa = PBXContainerItemProxy;
			containerPortal = 45B6F6D62B4EF0B8003A42F8 /* Project object */;
			proxyType = 1;
			remoteGlobalIDString = 45AFCB862BE03A3B009D1FD4;
			remoteInfo = WidgetsExtension;
		};
		45B6F6F32B4EF0BA003A42F8 /* PBXContainerItemProxy */ = {
			isa = PBXContainerItemProxy;
			containerPortal = 45B6F6D62B4EF0B8003A42F8 /* Project object */;
			proxyType = 1;
			remoteGlobalIDString = 45B6F6DD2B4EF0B8003A42F8;
			remoteInfo = StayHappy;
		};
		45B6F6FD2B4EF0BA003A42F8 /* PBXContainerItemProxy */ = {
			isa = PBXContainerItemProxy;
			containerPortal = 45B6F6D62B4EF0B8003A42F8 /* Project object */;
			proxyType = 1;
			remoteGlobalIDString = 45B6F6DD2B4EF0B8003A42F8;
			remoteInfo = StayHappy;
		};
/* End PBXContainerItemProxy section */

/* Begin PBXCopyFilesBuildPhase section */
		455949F92B97593400227B32 /* Embed Foundation Extensions */ = {
			isa = PBXCopyFilesBuildPhase;
			buildActionMask = 12;
			dstPath = "";
			dstSubfolderSpec = 13;
			files = (
				45AFCB962BE03A3D009D1FD4 /* WidgetsExtension.appex in Embed Foundation Extensions */,
			);
			name = "Embed Foundation Extensions";
			runOnlyForDeploymentPostprocessing = 0;
		};
/* End PBXCopyFilesBuildPhase section */

/* Begin PBXFileReference section */
		451AC6382E5F8DFF00E53BE3 /* de */ = {isa = PBXFileReference; lastKnownFileType = text.plist.strings; name = de; path = InfoPlist.strings; sourceTree = "<group>"; };
		451AC63A2E5F8DFF00E53BE3 /* de */ = {isa = PBXFileReference; lastKnownFileType = text.plist.strings; name = de; path = Localizable.strings; sourceTree = "<group>"; };
		451AC63D2E5F8DFF00E53BE3 /* en */ = {isa = PBXFileReference; lastKnownFileType = text.plist.strings; name = en; path = InfoPlist.strings; sourceTree = "<group>"; };
		451AC63F2E5F8DFF00E53BE3 /* en */ = {isa = PBXFileReference; lastKnownFileType = text.plist.strings; name = en; path = Localizable.strings; sourceTree = "<group>"; };
		453F617C2D7752400075A3F9 /* ImageViewer.swift */ = {isa = PBXFileReference; lastKnownFileType = sourcecode.swift; path = ImageViewer.swift; sourceTree = "<group>"; };
		454014F72B71322B003A7E24 /* Database.swift */ = {isa = PBXFileReference; lastKnownFileType = sourcecode.swift; path = Database.swift; sourceTree = "<group>"; };
		454014FE2B7278C0003A7E24 /* Log.swift */ = {isa = PBXFileReference; lastKnownFileType = sourcecode.swift; path = Log.swift; sourceTree = "<group>"; };
		454328D32B76148D007956A0 /* KeyboardVisibility.swift */ = {isa = PBXFileReference; lastKnownFileType = sourcecode.swift; path = KeyboardVisibility.swift; sourceTree = "<group>"; };
		454328D72B763480007956A0 /* Resource.swift */ = {isa = PBXFileReference; lastKnownFileType = sourcecode.swift; path = Resource.swift; sourceTree = "<group>"; };
		454328D92B763527007956A0 /* ResourceFormView.swift */ = {isa = PBXFileReference; lastKnownFileType = sourcecode.swift; path = ResourceFormView.swift; sourceTree = "<group>"; };
		454328DB2B7635AC007956A0 /* FormView.swift */ = {isa = PBXFileReference; lastKnownFileType = sourcecode.swift; path = FormView.swift; sourceTree = "<group>"; };
		454328E12B76D4F3007956A0 /* HighlightButtonStyle.swift */ = {isa = PBXFileReference; lastKnownFileType = sourcecode.swift; path = HighlightButtonStyle.swift; sourceTree = "<group>"; };
		454D8CBA2E92AA7A00AF382D /* Localization.swift */ = {isa = PBXFileReference; lastKnownFileType = sourcecode.swift; path = Localization.swift; sourceTree = "<group>"; };
		454D8CBD2E92AA8B00AF382D /* ImageProcessingService.swift */ = {isa = PBXFileReference; lastKnownFileType = sourcecode.swift; path = ImageProcessingService.swift; sourceTree = "<group>"; };
		454D8CC12E93B1EC00AF382D /* MomentsMedium.swift */ = {isa = PBXFileReference; lastKnownFileType = sourcecode.swift; path = MomentsMedium.swift; sourceTree = "<group>"; };
		454D8CC32E93B20D00AF382D /* MomentsSmall.swift */ = {isa = PBXFileReference; lastKnownFileType = sourcecode.swift; path = MomentsSmall.swift; sourceTree = "<group>"; };
		454D8CC52E93B23400AF382D /* MomentTile.swift */ = {isa = PBXFileReference; lastKnownFileType = sourcecode.swift; path = MomentTile.swift; sourceTree = "<group>"; };
		455736AC2E98104500EF22DC /* WidgetImageMigrationService.swift */ = {isa = PBXFileReference; lastKnownFileType = sourcecode.swift; path = WidgetImageMigrationService.swift; sourceTree = "<group>"; };
		4558FB852B874D6C009D506C /* HighlightView.swift */ = {isa = PBXFileReference; lastKnownFileType = sourcecode.swift; path = HighlightView.swift; sourceTree = "<group>"; };
		4558FB9E2B87A601009D506C /* HappyGradients.swift */ = {isa = PBXFileReference; lastKnownFileType = sourcecode.swift; path = HappyGradients.swift; sourceTree = "<group>"; };
		455FECA62B90FAFF006A2592 /* README.md */ = {isa = PBXFileReference; lastKnownFileType = net.daringfireball.markdown; path = README.md; sourceTree = "<group>"; };
		45783E732E5F9BD000DDAC08 /* OnboardingData.swift */ = {isa = PBXFileReference; lastKnownFileType = sourcecode.swift; path = OnboardingData.swift; sourceTree = "<group>"; };
		45783E762E5F9BDE00DDAC08 /* OnboardingPageView.swift */ = {isa = PBXFileReference; lastKnownFileType = sourcecode.swift; path = OnboardingPageView.swift; sourceTree = "<group>"; };
		45783E772E5F9BDE00DDAC08 /* OnboardingView.swift */ = {isa = PBXFileReference; lastKnownFileType = sourcecode.swift; path = OnboardingView.swift; sourceTree = "<group>"; };
		457DED632D80569600BE5F24 /* .swift-format */ = {isa = PBXFileReference; lastKnownFileType = text; path = ".swift-format"; sourceTree = "<group>"; };
		459BE7822B8E9C1000433B60 /* TitleCased.swift */ = {isa = PBXFileReference; lastKnownFileType = sourcecode.swift; path = TitleCased.swift; sourceTree = "<group>"; };
		459BE7922B8FC93B00433B60 /* WidgetKit.framework */ = {isa = PBXFileReference; lastKnownFileType = wrapper.framework; name = WidgetKit.framework; path = System/Library/Frameworks/WidgetKit.framework; sourceTree = SDKROOT; };
		459BE7942B8FC93B00433B60 /* SwiftUI.framework */ = {isa = PBXFileReference; lastKnownFileType = wrapper.framework; name = SwiftUI.framework; path = System/Library/Frameworks/SwiftUI.framework; sourceTree = SDKROOT; };
		45ADE7892BFFC65700303B4B /* MotivationSmall.swift */ = {isa = PBXFileReference; lastKnownFileType = sourcecode.swift; path = MotivationSmall.swift; sourceTree = "<group>"; };
		45ADE78B2BFFC6AD00303B4B /* HighlightsTile.swift */ = {isa = PBXFileReference; lastKnownFileType = sourcecode.swift; path = HighlightsTile.swift; sourceTree = "<group>"; };
		45ADE78F2BFFC72000303B4B /* ResourcesTile.swift */ = {isa = PBXFileReference; lastKnownFileType = sourcecode.swift; path = ResourcesTile.swift; sourceTree = "<group>"; };
		45ADE7952BFFCD1E00303B4B /* Environment.swift */ = {isa = PBXFileReference; lastKnownFileType = sourcecode.swift; path = Environment.swift; sourceTree = "<group>"; };
		45AF8E782BB0D247006AF22E /* Error.swift */ = {isa = PBXFileReference; lastKnownFileType = sourcecode.swift; path = Error.swift; sourceTree = "<group>"; };
		45AFCB872BE03A3B009D1FD4 /* WidgetsExtension.appex */ = {isa = PBXFileReference; explicitFileType = "wrapper.app-extension"; includeInIndex = 0; path = WidgetsExtension.appex; sourceTree = BUILT_PRODUCTS_DIR; };
		45AFCB8B2BE03A3B009D1FD4 /* WidgetsBundle.swift */ = {isa = PBXFileReference; lastKnownFileType = sourcecode.swift; path = WidgetsBundle.swift; sourceTree = "<group>"; };
		45AFCB8D2BE03A3B009D1FD4 /* MomentsWidget.swift */ = {isa = PBXFileReference; lastKnownFileType = sourcecode.swift; path = MomentsWidget.swift; sourceTree = "<group>"; };
		45AFCB8F2BE03A3B009D1FD4 /* WidgetIntent.swift */ = {isa = PBXFileReference; lastKnownFileType = sourcecode.swift; path = WidgetIntent.swift; sourceTree = "<group>"; };
		45AFCB912BE03A3D009D1FD4 /* Assets.xcassets */ = {isa = PBXFileReference; lastKnownFileType = folder.assetcatalog; path = Assets.xcassets; sourceTree = "<group>"; };
		45AFCB932BE03A3D009D1FD4 /* Info.plist */ = {isa = PBXFileReference; lastKnownFileType = text.plist.xml; path = Info.plist; sourceTree = "<group>"; };
		45AFCBAB2BE0E629009D1FD4 /* WidgetsExtension.entitlements */ = {isa = PBXFileReference; lastKnownFileType = text.plist.entitlements; path = WidgetsExtension.entitlements; sourceTree = "<group>"; };
		45AFCBAC2BE12873009D1FD4 /* LICENSE.md */ = {isa = PBXFileReference; lastKnownFileType = net.daringfireball.markdown; path = LICENSE.md; sourceTree = "<group>"; };
		45AFCBB12BE4181D009D1FD4 /* WidgetDate.swift */ = {isa = PBXFileReference; lastKnownFileType = sourcecode.swift; path = WidgetDate.swift; sourceTree = "<group>"; };
		45AFCBB32BE4CFFF009D1FD4 /* Calendar.swift */ = {isa = PBXFileReference; lastKnownFileType = sourcecode.swift; path = Calendar.swift; sourceTree = "<group>"; };
		45AFCBB62BE4E5C0009D1FD4 /* Date.swift */ = {isa = PBXFileReference; lastKnownFileType = sourcecode.swift; path = Date.swift; sourceTree = "<group>"; };
		45B6F6DE2B4EF0B8003A42F8 /* StayHappy.app */ = {isa = PBXFileReference; explicitFileType = wrapper.application; includeInIndex = 0; path = StayHappy.app; sourceTree = BUILT_PRODUCTS_DIR; };
		45B6F6E12B4EF0B8003A42F8 /* StayHappyApp.swift */ = {isa = PBXFileReference; lastKnownFileType = sourcecode.swift; path = StayHappyApp.swift; sourceTree = "<group>"; };
		45B6F6E72B4EF0BA003A42F8 /* Assets.xcassets */ = {isa = PBXFileReference; lastKnownFileType = folder.assetcatalog; path = Assets.xcassets; sourceTree = "<group>"; };
		45B6F6EA2B4EF0BA003A42F8 /* Preview Assets.xcassets */ = {isa = PBXFileReference; lastKnownFileType = folder.assetcatalog; path = "Preview Assets.xcassets"; sourceTree = "<group>"; };
		45B6F6EC2B4EF0BA003A42F8 /* StayHappy.entitlements */ = {isa = PBXFileReference; lastKnownFileType = text.plist.entitlements; path = StayHappy.entitlements; sourceTree = "<group>"; };
		45B6F6ED2B4EF0BA003A42F8 /* Info.plist */ = {isa = PBXFileReference; lastKnownFileType = text.plist.xml; path = Info.plist; sourceTree = "<group>"; };
		45B6F6F22B4EF0BA003A42F8 /* StayHappyTests.xctest */ = {isa = PBXFileReference; explicitFileType = wrapper.cfbundle; includeInIndex = 0; path = StayHappyTests.xctest; sourceTree = BUILT_PRODUCTS_DIR; };
		45B6F6F62B4EF0BA003A42F8 /* StayHappyTests.swift */ = {isa = PBXFileReference; lastKnownFileType = sourcecode.swift; path = StayHappyTests.swift; sourceTree = "<group>"; };
		45B6F6FC2B4EF0BA003A42F8 /* StayHappyUITests.xctest */ = {isa = PBXFileReference; explicitFileType = wrapper.cfbundle; includeInIndex = 0; path = StayHappyUITests.xctest; sourceTree = BUILT_PRODUCTS_DIR; };
		45B6F7002B4EF0BA003A42F8 /* StayHappyUITests.swift */ = {isa = PBXFileReference; lastKnownFileType = sourcecode.swift; path = StayHappyUITests.swift; sourceTree = "<group>"; };
		45B6F7022B4EF0BA003A42F8 /* StayHappyUITestsLaunchTests.swift */ = {isa = PBXFileReference; lastKnownFileType = sourcecode.swift; path = StayHappyUITestsLaunchTests.swift; sourceTree = "<group>"; };
		45BBB2172BE036B20096E137 /* Combine.framework */ = {isa = PBXFileReference; lastKnownFileType = wrapper.framework; name = Combine.framework; path = System/Library/Frameworks/Combine.framework; sourceTree = SDKROOT; };
		45BBE2372B628E5B0076D062 /* MomentsView.swift */ = {isa = PBXFileReference; lastKnownFileType = sourcecode.swift; path = MomentsView.swift; sourceTree = "<group>"; };
		45BBE23B2B67E83B0076D062 /* NavigationBarView.swift */ = {isa = PBXFileReference; lastKnownFileType = sourcecode.swift; path = NavigationBarView.swift; sourceTree = "<group>"; };
		45BBE2412B68E5E10076D062 /* ResourcesView.swift */ = {isa = PBXFileReference; lastKnownFileType = sourcecode.swift; path = ResourcesView.swift; sourceTree = "<group>"; };
		45BBE2452B69939D0076D062 /* MomentFormView.swift */ = {isa = PBXFileReference; lastKnownFileType = sourcecode.swift; path = MomentFormView.swift; sourceTree = "<group>"; };
		45C3DC102EABFF4E005DD41F /* StayHappyIcon.icon */ = {isa = PBXFileReference; lastKnownFileType = folder.iconcomposer.icon; path = StayHappyIcon.icon; sourceTree = "<group>"; };
		45CC79B82C07C5B400D254E5 /* MotivationMedium.swift */ = {isa = PBXFileReference; lastKnownFileType = sourcecode.swift; path = MotivationMedium.swift; sourceTree = "<group>"; };
		45E0180A2B8228F7009C594F /* ImageSaver.swift */ = {isa = PBXFileReference; lastKnownFileType = sourcecode.swift; path = ImageSaver.swift; sourceTree = "<group>"; };
		45E0180C2B822900009C594F /* FileManager.swift */ = {isa = PBXFileReference; lastKnownFileType = sourcecode.swift; path = FileManager.swift; sourceTree = "<group>"; };
		45E1655A2B4EF68700F55A17 /* RootView.swift */ = {isa = PBXFileReference; lastKnownFileType = sourcecode.swift; path = RootView.swift; sourceTree = "<group>"; };
		45E1655F2B4EF96700F55A17 /* Moment.swift */ = {isa = PBXFileReference; lastKnownFileType = sourcecode.swift; path = Moment.swift; sourceTree = "<group>"; };
		45E4F72E2B6BC2CF005C0E77 /* MomentView.swift */ = {isa = PBXFileReference; lastKnownFileType = sourcecode.swift; path = MomentView.swift; sourceTree = "<group>"; };
		45E4F7302B6C3B2F005C0E77 /* HelpView.swift */ = {isa = PBXFileReference; lastKnownFileType = sourcecode.swift; path = HelpView.swift; sourceTree = "<group>"; };
		45E4F7322B6C3B7E005C0E77 /* HighlightsView.swift */ = {isa = PBXFileReference; lastKnownFileType = sourcecode.swift; path = HighlightsView.swift; sourceTree = "<group>"; };
		45F8C8F02BE96F0A004D8718 /* ImageSaliencyService.swift */ = {isa = PBXFileReference; lastKnownFileType = sourcecode.swift; path = ImageSaliencyService.swift; sourceTree = "<group>"; };
		45F8C8F22BE96F9F004D8718 /* Image.swift */ = {isa = PBXFileReference; lastKnownFileType = sourcecode.swift; path = Image.swift; sourceTree = "<group>"; };
		45F8C8FE2BEB96E7004D8718 /* QuickLookService.swift */ = {isa = PBXFileReference; lastKnownFileType = sourcecode.swift; path = QuickLookService.swift; sourceTree = "<group>"; };
		45F8C9032BEFF650004D8718 /* MotivationWidget.swift */ = {isa = PBXFileReference; lastKnownFileType = sourcecode.swift; path = MotivationWidget.swift; sourceTree = "<group>"; };
/* End PBXFileReference section */

/* Begin PBXFrameworksBuildPhase section */
		45AFCB842BE03A3B009D1FD4 /* Frameworks */ = {
			isa = PBXFrameworksBuildPhase;
			buildActionMask = 2147483647;
			files = (
				45AFCBA92BE03D2F009D1FD4 /* Combine.framework in Frameworks */,
				45AFCBA82BE03AA8009D1FD4 /* SmoothGradient in Frameworks */,
				45AFCBA22BE03AA8009D1FD4 /* GRDB in Frameworks */,
				45AFCB892BE03A3B009D1FD4 /* SwiftUI.framework in Frameworks */,
				45AFCBA42BE03AA8009D1FD4 /* GRDBQuery in Frameworks */,
				45AFCBA62BE03AA8009D1FD4 /* Hue in Frameworks */,
				45AFCB882BE03A3B009D1FD4 /* WidgetKit.framework in Frameworks */,
			);
			runOnlyForDeploymentPostprocessing = 0;
		};
		45B6F6DB2B4EF0B8003A42F8 /* Frameworks */ = {
			isa = PBXFrameworksBuildPhase;
			buildActionMask = 2147483647;
			files = (
				457E5AD02B8E81D800F2E268 /* SmoothGradient in Frameworks */,
				459BE78B2B8FC69500433B60 /* Throttler in Frameworks */,
				45C99AB52B73984600F61E8D /* Pow in Frameworks */,
				454014FD2B722437003A7E24 /* GRDBQuery in Frameworks */,
				4558FBA22B87B0D5009D506C /* Hue in Frameworks */,
				454014F52B712FDD003A7E24 /* GRDB in Frameworks */,
				459792C72B74FEBD0047A555 /* SwiftUIIntrospect in Frameworks */,
			);
			runOnlyForDeploymentPostprocessing = 0;
		};
		45B6F6EF2B4EF0BA003A42F8 /* Frameworks */ = {
			isa = PBXFrameworksBuildPhase;
			buildActionMask = 2147483647;
			files = (
			);
			runOnlyForDeploymentPostprocessing = 0;
		};
		45B6F6F92B4EF0BA003A42F8 /* Frameworks */ = {
			isa = PBXFrameworksBuildPhase;
			buildActionMask = 2147483647;
			files = (
			);
			runOnlyForDeploymentPostprocessing = 0;
		};
/* End PBXFrameworksBuildPhase section */

/* Begin PBXGroup section */
		451AC63C2E5F8DFF00E53BE3 /* de.lproj */ = {
			isa = PBXGroup;
			children = (
				451AC6392E5F8DFF00E53BE3 /* InfoPlist.strings */,
				451AC63B2E5F8DFF00E53BE3 /* Localizable.strings */,
			);
			path = de.lproj;
			sourceTree = "<group>";
		};
		451AC6412E5F8DFF00E53BE3 /* en.lproj */ = {
			isa = PBXGroup;
			children = (
				451AC63E2E5F8DFF00E53BE3 /* InfoPlist.strings */,
				451AC6402E5F8DFF00E53BE3 /* Localizable.strings */,
			);
			path = en.lproj;
			sourceTree = "<group>";
		};
		454328D22B76147C007956A0 /* Extensions */ = {
			isa = PBXGroup;
			children = (
				45AFCBB32BE4CFFF009D1FD4 /* Calendar.swift */,
				45AFCBB62BE4E5C0009D1FD4 /* Date.swift */,
				45AF8E782BB0D247006AF22E /* Error.swift */,
				45F8C8F22BE96F9F004D8718 /* Image.swift */,
				454328D32B76148D007956A0 /* KeyboardVisibility.swift */,
				459BE7822B8E9C1000433B60 /* TitleCased.swift */,
			);
			path = Extensions;
			sourceTree = "<group>";
		};
		455FEC9D2B90E7C6006A2592 /* Shared */ = {
			isa = PBXGroup;
			children = (
				454328D22B76147C007956A0 /* Extensions */,
				45E1655E2B4EF72900F55A17 /* Models */,
				45F8C8FD2BEB96D3004D8718 /* Services */,
				455FEC9E2B90E7D4006A2592 /* Storage */,
				45BBE23D2B68453F0076D062 /* UI */,
				45F8C8F52BE97C23004D8718 /* Utils */,
			);
			path = Shared;
			sourceTree = "<group>";
		};
		455FEC9E2B90E7D4006A2592 /* Storage */ = {
			isa = PBXGroup;
			children = (
				454014F72B71322B003A7E24 /* Database.swift */,
				45ADE7952BFFCD1E00303B4B /* Environment.swift */,
				45E0180C2B822900009C594F /* FileManager.swift */,
				45E0180A2B8228F7009C594F /* ImageSaver.swift */,
			);
			path = Storage;
			sourceTree = "<group>";
		};
		459BE7912B8FC93B00433B60 /* Frameworks */ = {
			isa = PBXGroup;
			children = (
				45BBB2172BE036B20096E137 /* Combine.framework */,
				459BE7922B8FC93B00433B60 /* WidgetKit.framework */,
				459BE7942B8FC93B00433B60 /* SwiftUI.framework */,
			);
			name = Frameworks;
			sourceTree = "<group>";
		};
		45ADE7882BFFC54E00303B4B /* Views */ = {
			isa = PBXGroup;
			children = (
				45ADE78B2BFFC6AD00303B4B /* HighlightsTile.swift */,
				454D8CC12E93B1EC00AF382D /* MomentsMedium.swift */,
				454D8CC32E93B20D00AF382D /* MomentsSmall.swift */,
				454D8CC52E93B23400AF382D /* MomentTile.swift */,
				45CC79B82C07C5B400D254E5 /* MotivationMedium.swift */,
				45ADE7892BFFC65700303B4B /* MotivationSmall.swift */,
				45ADE78F2BFFC72000303B4B /* ResourcesTile.swift */,
			);
			path = Views;
			sourceTree = "<group>";
		};
		45AFCB8A2BE03A3B009D1FD4 /* Widgets */ = {
			isa = PBXGroup;
			children = (
				45AFCB912BE03A3D009D1FD4 /* Assets.xcassets */,
				45AFCB932BE03A3D009D1FD4 /* Info.plist */,
				45AFCB8D2BE03A3B009D1FD4 /* MomentsWidget.swift */,
				45F8C9032BEFF650004D8718 /* MotivationWidget.swift */,
				45AFCB8F2BE03A3B009D1FD4 /* WidgetIntent.swift */,
				45AFCB8B2BE03A3B009D1FD4 /* WidgetsBundle.swift */,
				45ADE7882BFFC54E00303B4B /* Views */,
			);
			path = Widgets;
			sourceTree = "<group>";
		};
		45B6F6D52B4EF0B8003A42F8 = {
			isa = PBXGroup;
			children = (
				457DED632D80569600BE5F24 /* .swift-format */,
				455FECA62B90FAFF006A2592 /* README.md */,
				45AFCBAC2BE12873009D1FD4 /* LICENSE.md */,
				45C3DC102EABFF4E005DD41F /* StayHappyIcon.icon */,
				45AFCBAB2BE0E629009D1FD4 /* WidgetsExtension.entitlements */,
				459BE7912B8FC93B00433B60 /* Frameworks */,
				45B6F6DF2B4EF0B8003A42F8 /* Products */,
				455FEC9D2B90E7C6006A2592 /* Shared */,
				45B6F6E02B4EF0B8003A42F8 /* StayHappy */,
				45B6F6F52B4EF0BA003A42F8 /* StayHappyTests */,
				45B6F6FF2B4EF0BA003A42F8 /* StayHappyUITests */,
				45AFCB8A2BE03A3B009D1FD4 /* Widgets */,
			);
			sourceTree = "<group>";
		};
		45B6F6DF2B4EF0B8003A42F8 /* Products */ = {
			isa = PBXGroup;
			children = (
				45B6F6DE2B4EF0B8003A42F8 /* StayHappy.app */,
				45B6F6F22B4EF0BA003A42F8 /* StayHappyTests.xctest */,
				45B6F6FC2B4EF0BA003A42F8 /* StayHappyUITests.xctest */,
				45AFCB872BE03A3B009D1FD4 /* WidgetsExtension.appex */,
			);
			name = Products;
			sourceTree = "<group>";
		};
		45B6F6E02B4EF0B8003A42F8 /* StayHappy */ = {
			isa = PBXGroup;
			children = (
				451AC63C2E5F8DFF00E53BE3 /* de.lproj */,
				451AC6412E5F8DFF00E53BE3 /* en.lproj */,
				45B6F6E72B4EF0BA003A42F8 /* Assets.xcassets */,
				45B6F6ED2B4EF0BA003A42F8 /* Info.plist */,
				45B6F6EC2B4EF0BA003A42F8 /* StayHappy.entitlements */,
				45B6F6E12B4EF0B8003A42F8 /* StayHappyApp.swift */,
				45B6F6E92B4EF0BA003A42F8 /* Preview Content */,
				45BBE2392B67E7E80076D062 /* Views */,
			);
			path = StayHappy;
			sourceTree = "<group>";
		};
		45B6F6E92B4EF0BA003A42F8 /* Preview Content */ = {
			isa = PBXGroup;
			children = (
				45B6F6EA2B4EF0BA003A42F8 /* Preview Assets.xcassets */,
			);
			path = "Preview Content";
			sourceTree = "<group>";
		};
		45B6F6F52B4EF0BA003A42F8 /* StayHappyTests */ = {
			isa = PBXGroup;
			children = (
				45B6F6F62B4EF0BA003A42F8 /* StayHappyTests.swift */,
			);
			path = StayHappyTests;
			sourceTree = "<group>";
		};
		45B6F6FF2B4EF0BA003A42F8 /* StayHappyUITests */ = {
			isa = PBXGroup;
			children = (
				45B6F7002B4EF0BA003A42F8 /* StayHappyUITests.swift */,
				45B6F7022B4EF0BA003A42F8 /* StayHappyUITestsLaunchTests.swift */,
			);
			path = StayHappyUITests;
			sourceTree = "<group>";
		};
		45BBE2392B67E7E80076D062 /* Views */ = {
			isa = PBXGroup;
			children = (
				45783E762E5F9BDE00DDAC08 /* OnboardingPageView.swift */,
				45783E772E5F9BDE00DDAC08 /* OnboardingView.swift */,
				454328DB2B7635AC007956A0 /* FormView.swift */,
				45E4F7302B6C3B2F005C0E77 /* HelpView.swift */,
				45E4F7322B6C3B7E005C0E77 /* HighlightsView.swift */,
				4558FB852B874D6C009D506C /* HighlightView.swift */,
				45BBE2452B69939D0076D062 /* MomentFormView.swift */,
				45BBE2372B628E5B0076D062 /* MomentsView.swift */,
				45E4F72E2B6BC2CF005C0E77 /* MomentView.swift */,
				45BBE23B2B67E83B0076D062 /* NavigationBarView.swift */,
				454328D92B763527007956A0 /* ResourceFormView.swift */,
				45BBE2412B68E5E10076D062 /* ResourcesView.swift */,
				45E1655A2B4EF68700F55A17 /* RootView.swift */,
			);
			path = Views;
			sourceTree = "<group>";
		};
		45BBE23D2B68453F0076D062 /* UI */ = {
			isa = PBXGroup;
			children = (
				4558FB9E2B87A601009D506C /* HappyGradients.swift */,
				454328E12B76D4F3007956A0 /* HighlightButtonStyle.swift */,
				453F617C2D7752400075A3F9 /* ImageViewer.swift */,
				45AFCBB12BE4181D009D1FD4 /* WidgetDate.swift */,
			);
			path = UI;
			sourceTree = "<group>";
		};
		45E1655E2B4EF72900F55A17 /* Models */ = {
			isa = PBXGroup;
			children = (
				45E1655F2B4EF96700F55A17 /* Moment.swift */,
				45783E732E5F9BD000DDAC08 /* OnboardingData.swift */,
				454328D72B763480007956A0 /* Resource.swift */,
			);
			path = Models;
			sourceTree = "<group>";
		};
		45F8C8F52BE97C23004D8718 /* Utils */ = {
			isa = PBXGroup;
			children = (
				454D8CBA2E92AA7A00AF382D /* Localization.swift */,
				454014FE2B7278C0003A7E24 /* Log.swift */,
			);
			path = Utils;
			sourceTree = "<group>";
		};
		45F8C8FD2BEB96D3004D8718 /* Services */ = {
			isa = PBXGroup;
			children = (
				454D8CBD2E92AA8B00AF382D /* ImageProcessingService.swift */,
				45F8C8F02BE96F0A004D8718 /* ImageSaliencyService.swift */,
				45F8C8FE2BEB96E7004D8718 /* QuickLookService.swift */,
				455736AC2E98104500EF22DC /* WidgetImageMigrationService.swift */,
			);
			path = Services;
			sourceTree = "<group>";
		};
/* End PBXGroup section */

/* Begin PBXNativeTarget section */
		45AFCB862BE03A3B009D1FD4 /* WidgetsExtension */ = {
			isa = PBXNativeTarget;
			buildConfigurationList = 45AFCB972BE03A3D009D1FD4 /* Build configuration list for PBXNativeTarget "WidgetsExtension" */;
			buildPhases = (
				45AFCB832BE03A3B009D1FD4 /* Sources */,
				45AFCB842BE03A3B009D1FD4 /* Frameworks */,
				45AFCB852BE03A3B009D1FD4 /* Resources */,
			);
			buildRules = (
			);
			dependencies = (
			);
			name = WidgetsExtension;
			packageProductDependencies = (
				45AFCBA12BE03AA8009D1FD4 /* GRDB */,
				45AFCBA32BE03AA8009D1FD4 /* GRDBQuery */,
				45AFCBA52BE03AA8009D1FD4 /* Hue */,
				45AFCBA72BE03AA8009D1FD4 /* SmoothGradient */,
			);
			productName = WidgetsExtension;
			productReference = 45AFCB872BE03A3B009D1FD4 /* WidgetsExtension.appex */;
			productType = "com.apple.product-type.app-extension";
		};
		45B6F6DD2B4EF0B8003A42F8 /* StayHappy */ = {
			isa = PBXNativeTarget;
			buildConfigurationList = 45B6F7062B4EF0BA003A42F8 /* Build configuration list for PBXNativeTarget "StayHappy" */;
			buildPhases = (
				45B6F6DA2B4EF0B8003A42F8 /* Sources */,
				45B6F6DB2B4EF0B8003A42F8 /* Frameworks */,
				45B6F6DC2B4EF0B8003A42F8 /* Resources */,
				455949F92B97593400227B32 /* Embed Foundation Extensions */,
			);
			buildRules = (
			);
			dependencies = (
				45AFCB952BE03A3D009D1FD4 /* PBXTargetDependency */,
			);
			name = StayHappy;
			packageProductDependencies = (
				454014F42B712FDD003A7E24 /* GRDB */,
				454014FC2B722437003A7E24 /* GRDBQuery */,
				45C99AB42B73984600F61E8D /* Pow */,
				459792C62B74FEBD0047A555 /* SwiftUIIntrospect */,
				4558FBA12B87B0D5009D506C /* Hue */,
				457E5ACF2B8E81D800F2E268 /* SmoothGradient */,
				459BE78A2B8FC69500433B60 /* Throttler */,
			);
			productName = StayHappy;
			productReference = 45B6F6DE2B4EF0B8003A42F8 /* StayHappy.app */;
			productType = "com.apple.product-type.application";
		};
		45B6F6F12B4EF0BA003A42F8 /* StayHappyTests */ = {
			isa = PBXNativeTarget;
			buildConfigurationList = 45B6F7092B4EF0BA003A42F8 /* Build configuration list for PBXNativeTarget "StayHappyTests" */;
			buildPhases = (
				45B6F6EE2B4EF0BA003A42F8 /* Sources */,
				45B6F6EF2B4EF0BA003A42F8 /* Frameworks */,
				45B6F6F02B4EF0BA003A42F8 /* Resources */,
			);
			buildRules = (
			);
			dependencies = (
				45B6F6F42B4EF0BA003A42F8 /* PBXTargetDependency */,
			);
			name = StayHappyTests;
			productName = StayHappyTests;
			productReference = 45B6F6F22B4EF0BA003A42F8 /* StayHappyTests.xctest */;
			productType = "com.apple.product-type.bundle.unit-test";
		};
		45B6F6FB2B4EF0BA003A42F8 /* StayHappyUITests */ = {
			isa = PBXNativeTarget;
			buildConfigurationList = 45B6F70C2B4EF0BA003A42F8 /* Build configuration list for PBXNativeTarget "StayHappyUITests" */;
			buildPhases = (
				45B6F6F82B4EF0BA003A42F8 /* Sources */,
				45B6F6F92B4EF0BA003A42F8 /* Frameworks */,
				45B6F6FA2B4EF0BA003A42F8 /* Resources */,
			);
			buildRules = (
			);
			dependencies = (
				45B6F6FE2B4EF0BA003A42F8 /* PBXTargetDependency */,
			);
			name = StayHappyUITests;
			productName = StayHappyUITests;
			productReference = 45B6F6FC2B4EF0BA003A42F8 /* StayHappyUITests.xctest */;
			productType = "com.apple.product-type.bundle.ui-testing";
		};
/* End PBXNativeTarget section */

/* Begin PBXProject section */
		45B6F6D62B4EF0B8003A42F8 /* Project object */ = {
			isa = PBXProject;
			attributes = {
				BuildIndependentTargetsInParallel = 1;
				LastSwiftUpdateCheck = 1530;
				LastUpgradeCheck = 2600;
				TargetAttributes = {
					45AFCB862BE03A3B009D1FD4 = {
						CreatedOnToolsVersion = 15.3;
					};
					45B6F6DD2B4EF0B8003A42F8 = {
						CreatedOnToolsVersion = 15.2;
					};
					45B6F6F12B4EF0BA003A42F8 = {
						CreatedOnToolsVersion = 15.2;
						TestTargetID = 45B6F6DD2B4EF0B8003A42F8;
					};
					45B6F6FB2B4EF0BA003A42F8 = {
						CreatedOnToolsVersion = 15.2;
						TestTargetID = 45B6F6DD2B4EF0B8003A42F8;
					};
				};
			};
			buildConfigurationList = 45B6F6D92B4EF0B8003A42F8 /* Build configuration list for PBXProject "StayHappy" */;
			developmentRegion = en;
			hasScannedForEncodings = 0;
			knownRegions = (
				en,
				Base,
				de,
			);
			mainGroup = 45B6F6D52B4EF0B8003A42F8;
			packageReferences = (
				454014F32B712FDC003A7E24 /* XCRemoteSwiftPackageReference "GRDB" */,
				454014FB2B722437003A7E24 /* XCRemoteSwiftPackageReference "GRDBQuery" */,
				45C99AB32B73984600F61E8D /* XCRemoteSwiftPackageReference "Pow" */,
				459792C52B74FEBD0047A555 /* XCRemoteSwiftPackageReference "swiftui-introspect" */,
				4558FBA02B87B0D5009D506C /* XCRemoteSwiftPackageReference "Hue" */,
				457E5ACE2B8E81D800F2E268 /* XCRemoteSwiftPackageReference "SmoothGradient" */,
				459BE7892B8FC69500433B60 /* XCRemoteSwiftPackageReference "Throttler" */,
			);
			preferredProjectObjectVersion = 77;
			productRefGroup = 45B6F6DF2B4EF0B8003A42F8 /* Products */;
			projectDirPath = "";
			projectRoot = "";
			targets = (
				45B6F6DD2B4EF0B8003A42F8 /* StayHappy */,
				45B6F6F12B4EF0BA003A42F8 /* StayHappyTests */,
				45B6F6FB2B4EF0BA003A42F8 /* StayHappyUITests */,
				45AFCB862BE03A3B009D1FD4 /* WidgetsExtension */,
			);
		};
/* End PBXProject section */

/* Begin PBXResourcesBuildPhase section */
		45AFCB852BE03A3B009D1FD4 /* Resources */ = {
			isa = PBXResourcesBuildPhase;
			buildActionMask = 2147483647;
			files = (
				451AC6462E5F8DFF00E53BE3 /* Localizable.strings in Resources */,
				451AC6472E5F8DFF00E53BE3 /* InfoPlist.strings in Resources */,
				451AC6482E5F8DFF00E53BE3 /* InfoPlist.strings in Resources */,
				451AC6492E5F8DFF00E53BE3 /* Localizable.strings in Resources */,
				45AFCB922BE03A3D009D1FD4 /* Assets.xcassets in Resources */,
			);
			runOnlyForDeploymentPostprocessing = 0;
		};
		45B6F6DC2B4EF0B8003A42F8 /* Resources */ = {
			isa = PBXResourcesBuildPhase;
			buildActionMask = 2147483647;
			files = (
				455FECA72B90FAFF006A2592 /* README.md in Resources */,
				45C3DC112EABFF4E005DD41F /* StayHappyIcon.icon in Resources */,
				45B6F6EB2B4EF0BA003A42F8 /* Preview Assets.xcassets in Resources */,
				451AC6422E5F8DFF00E53BE3 /* Localizable.strings in Resources */,
				451AC6432E5F8DFF00E53BE3 /* InfoPlist.strings in Resources */,
				451AC6442E5F8DFF00E53BE3 /* InfoPlist.strings in Resources */,
				451AC6452E5F8DFF00E53BE3 /* Localizable.strings in Resources */,
				457DED642D80569900BE5F24 /* .swift-format in Resources */,
				45B6F6E82B4EF0BA003A42F8 /* Assets.xcassets in Resources */,
			);
			runOnlyForDeploymentPostprocessing = 0;
		};
		45B6F6F02B4EF0BA003A42F8 /* Resources */ = {
			isa = PBXResourcesBuildPhase;
			buildActionMask = 2147483647;
			files = (
			);
			runOnlyForDeploymentPostprocessing = 0;
		};
		45B6F6FA2B4EF0BA003A42F8 /* Resources */ = {
			isa = PBXResourcesBuildPhase;
			buildActionMask = 2147483647;
			files = (
			);
			runOnlyForDeploymentPostprocessing = 0;
		};
/* End PBXResourcesBuildPhase section */

/* Begin PBXSourcesBuildPhase section */
		45AFCB832BE03A3B009D1FD4 /* Sources */ = {
			isa = PBXSourcesBuildPhase;
			buildActionMask = 2147483647;
			files = (
				454D8CBE2E92AA8B00AF382D /* ImageProcessingService.swift in Sources */,
				454D8CC42E93B20D00AF382D /* MomentsSmall.swift in Sources */,
				45AFCB8C2BE03A3B009D1FD4 /* WidgetsBundle.swift in Sources */,
				45ADE7912BFFC84800303B4B /* ResourcesTile.swift in Sources */,
				45ADE78D2BFFC6C800303B4B /* MotivationSmall.swift in Sources */,
				45AFCBB22BE4181D009D1FD4 /* WidgetDate.swift in Sources */,
				45AFCBB02BE37E5B009D1FD4 /* Database.swift in Sources */,
				454D8CC22E93B1EC00AF382D /* MomentsMedium.swift in Sources */,
				454D8CC02E92AAD400AF382D /* ImageSaliencyService.swift in Sources */,
				45AFCB9A2BE03A7E009D1FD4 /* TitleCased.swift in Sources */,
				45CC79B92C07C5B400D254E5 /* MotivationMedium.swift in Sources */,
				45F8C8F42BE97C17004D8718 /* Image.swift in Sources */,
				455736AB2E957C5600EF22DC /* ImageSaver.swift in Sources */,
				45AFCBAA2BE0444C009D1FD4 /* Log.swift in Sources */,
				454D8CBC2E92AA7A00AF382D /* Localization.swift in Sources */,
				45AFCB8E2BE03A3B009D1FD4 /* MomentsWidget.swift in Sources */,
				45F8C9052BEFF650004D8718 /* MotivationWidget.swift in Sources */,
				45ADE7982C00BC6500303B4B /* Environment.swift in Sources */,
				45AFCB9B2BE03A81009D1FD4 /* Error.swift in Sources */,
				45AFCB902BE03A3B009D1FD4 /* WidgetIntent.swift in Sources */,
				45783E752E5F9BD000DDAC08 /* OnboardingData.swift in Sources */,
				45AFCB9C2BE03A83009D1FD4 /* Moment.swift in Sources */,
				45ADE78E2BFFC6CD00303B4B /* HighlightsTile.swift in Sources */,
				45AFCBB82BE4E5C0009D1FD4 /* Date.swift in Sources */,
				45AFCBB52BE4CFFF009D1FD4 /* Calendar.swift in Sources */,
				45AFCB9F2BE03A8A009D1FD4 /* FileManager.swift in Sources */,
				454D8CC62E93B23400AF382D /* MomentTile.swift in Sources */,
				45AFCBA02BE03A92009D1FD4 /* HappyGradients.swift in Sources */,
				45AFCB9D2BE03A85009D1FD4 /* Resource.swift in Sources */,
			);
			runOnlyForDeploymentPostprocessing = 0;
		};
		45B6F6DA2B4EF0B8003A42F8 /* Sources */ = {
			isa = PBXSourcesBuildPhase;
			buildActionMask = 2147483647;
			files = (
				454328E22B76D4F3007956A0 /* HighlightButtonStyle.swift in Sources */,
				45E4F7312B6C3B2F005C0E77 /* HelpView.swift in Sources */,
				45BBE2382B628E5B0076D062 /* MomentsView.swift in Sources */,
				4558FB9F2B87A601009D506C /* HappyGradients.swift in Sources */,
				45F8C8F32BE96F9F004D8718 /* Image.swift in Sources */,
				45AFCBB42BE4CFFF009D1FD4 /* Calendar.swift in Sources */,
				45E0180B2B8228F7009C594F /* ImageSaver.swift in Sources */,
				454014FF2B7278C0003A7E24 /* Log.swift in Sources */,
				45ADE7922BFFC92700303B4B /* WidgetIntent.swift in Sources */,
				454328D42B76148D007956A0 /* KeyboardVisibility.swift in Sources */,
				454328DA2B763527007956A0 /* ResourceFormView.swift in Sources */,
				45783E742E5F9BD000DDAC08 /* OnboardingData.swift in Sources */,
				45E1655B2B4EF68700F55A17 /* RootView.swift in Sources */,
				45AFCBB72BE4E5C0009D1FD4 /* Date.swift in Sources */,
				454D8CBB2E92AA7A00AF382D /* Localization.swift in Sources */,
				453F617D2D7752400075A3F9 /* ImageViewer.swift in Sources */,
				455736AD2E98104500EF22DC /* WidgetImageMigrationService.swift in Sources */,
				454D8CBF2E92AA8B00AF382D /* ImageProcessingService.swift in Sources */,
				45E4F72F2B6BC2CF005C0E77 /* MomentView.swift in Sources */,
				454014F82B71322B003A7E24 /* Database.swift in Sources */,
				459BE7832B8E9C1000433B60 /* TitleCased.swift in Sources */,
				454328DC2B7635AC007956A0 /* FormView.swift in Sources */,
				45B6F6E22B4EF0B8003A42F8 /* StayHappyApp.swift in Sources */,
				45BBE23C2B67E83B0076D062 /* NavigationBarView.swift in Sources */,
				45AF8E792BB0D247006AF22E /* Error.swift in Sources */,
				454328D82B763480007956A0 /* Resource.swift in Sources */,
				45E0180D2B822900009C594F /* FileManager.swift in Sources */,
				45F8C8F12BE96F0B004D8718 /* ImageSaliencyService.swift in Sources */,
				45783E782E5F9BDE00DDAC08 /* OnboardingView.swift in Sources */,
				45783E792E5F9BDE00DDAC08 /* OnboardingPageView.swift in Sources */,
				45ADE7962BFFCD1E00303B4B /* Environment.swift in Sources */,
				45F8C8FF2BEB96E7004D8718 /* QuickLookService.swift in Sources */,
				45E165602B4EF96700F55A17 /* Moment.swift in Sources */,
				45BBE2422B68E5E10076D062 /* ResourcesView.swift in Sources */,
				4558FB862B874D6C009D506C /* HighlightView.swift in Sources */,
				45E4F7332B6C3B7E005C0E77 /* HighlightsView.swift in Sources */,
				45BBE2462B69939D0076D062 /* MomentFormView.swift in Sources */,
			);
			runOnlyForDeploymentPostprocessing = 0;
		};
		45B6F6EE2B4EF0BA003A42F8 /* Sources */ = {
			isa = PBXSourcesBuildPhase;
			buildActionMask = 2147483647;
			files = (
				45B6F6F72B4EF0BA003A42F8 /* StayHappyTests.swift in Sources */,
			);
			runOnlyForDeploymentPostprocessing = 0;
		};
		45B6F6F82B4EF0BA003A42F8 /* Sources */ = {
			isa = PBXSourcesBuildPhase;
			buildActionMask = 2147483647;
			files = (
				45B6F7032B4EF0BA003A42F8 /* StayHappyUITestsLaunchTests.swift in Sources */,
				45B6F7012B4EF0BA003A42F8 /* StayHappyUITests.swift in Sources */,
			);
			runOnlyForDeploymentPostprocessing = 0;
		};
/* End PBXSourcesBuildPhase section */

/* Begin PBXTargetDependency section */
		45AFCB952BE03A3D009D1FD4 /* PBXTargetDependency */ = {
			isa = PBXTargetDependency;
			target = 45AFCB862BE03A3B009D1FD4 /* WidgetsExtension */;
			targetProxy = 45AFCB942BE03A3D009D1FD4 /* PBXContainerItemProxy */;
		};
		45B6F6F42B4EF0BA003A42F8 /* PBXTargetDependency */ = {
			isa = PBXTargetDependency;
			target = 45B6F6DD2B4EF0B8003A42F8 /* StayHappy */;
			targetProxy = 45B6F6F32B4EF0BA003A42F8 /* PBXContainerItemProxy */;
		};
		45B6F6FE2B4EF0BA003A42F8 /* PBXTargetDependency */ = {
			isa = PBXTargetDependency;
			target = 45B6F6DD2B4EF0B8003A42F8 /* StayHappy */;
			targetProxy = 45B6F6FD2B4EF0BA003A42F8 /* PBXContainerItemProxy */;
		};
/* End PBXTargetDependency section */

/* Begin PBXVariantGroup section */
		451AC6392E5F8DFF00E53BE3 /* InfoPlist.strings */ = {
			isa = PBXVariantGroup;
			children = (
				451AC6382E5F8DFF00E53BE3 /* de */,
			);
			name = InfoPlist.strings;
			sourceTree = "<group>";
		};
		451AC63B2E5F8DFF00E53BE3 /* Localizable.strings */ = {
			isa = PBXVariantGroup;
			children = (
				451AC63A2E5F8DFF00E53BE3 /* de */,
			);
			name = Localizable.strings;
			sourceTree = "<group>";
		};
		451AC63E2E5F8DFF00E53BE3 /* InfoPlist.strings */ = {
			isa = PBXVariantGroup;
			children = (
				451AC63D2E5F8DFF00E53BE3 /* en */,
			);
			name = InfoPlist.strings;
			sourceTree = "<group>";
		};
		451AC6402E5F8DFF00E53BE3 /* Localizable.strings */ = {
			isa = PBXVariantGroup;
			children = (
				451AC63F2E5F8DFF00E53BE3 /* en */,
			);
			name = Localizable.strings;
			sourceTree = "<group>";
		};
/* End PBXVariantGroup section */

/* Begin XCBuildConfiguration section */
		45AFCB982BE03A3D009D1FD4 /* Debug */ = {
			isa = XCBuildConfiguration;
			buildSettings = {
				ASSETCATALOG_COMPILER_GLOBAL_ACCENT_COLOR_NAME = AccentColor;
				ASSETCATALOG_COMPILER_SKIP_APP_STORE_DEPLOYMENT = YES;
				ASSETCATALOG_COMPILER_WIDGET_BACKGROUND_COLOR_NAME = WidgetBackground;
				CODE_SIGN_ENTITLEMENTS = WidgetsExtension.entitlements;
				CODE_SIGN_STYLE = Automatic;
				CURRENT_PROJECT_VERSION = 1;
				DEVELOPMENT_TEAM = JU865Y955R;
				GENERATE_INFOPLIST_FILE = YES;
				INFOPLIST_FILE = Widgets/Info.plist;
				INFOPLIST_KEY_CFBundleDisplayName = Widgets;
				INFOPLIST_KEY_NSHumanReadableCopyright = "";
				IPHONEOS_DEPLOYMENT_TARGET = 18.6;
				LD_RUNPATH_SEARCH_PATHS = (
					"$(inherited)",
					"@executable_path/Frameworks",
					"@executable_path/../../Frameworks",
				);
				MARKETING_VERSION = 1.0;
				PRODUCT_BUNDLE_IDENTIFIER = app.stayhappy.StayHappy.Widgets;
				PRODUCT_NAME = "$(TARGET_NAME)";
				SKIP_INSTALL = YES;
				SUPPORTED_PLATFORMS = "iphoneos iphonesimulator";
				SUPPORTS_MACCATALYST = NO;
				SWIFT_EMIT_LOC_STRINGS = YES;
				SWIFT_VERSION = 5.0;
				TARGETED_DEVICE_FAMILY = 1;
			};
			name = Debug;
		};
		45AFCB992BE03A3D009D1FD4 /* Release */ = {
			isa = XCBuildConfiguration;
			buildSettings = {
				ASSETCATALOG_COMPILER_GLOBAL_ACCENT_COLOR_NAME = AccentColor;
				ASSETCATALOG_COMPILER_WIDGET_BACKGROUND_COLOR_NAME = WidgetBackground;
				CODE_SIGN_ENTITLEMENTS = WidgetsExtension.entitlements;
				CODE_SIGN_STYLE = Automatic;
				CURRENT_PROJECT_VERSION = 1;
				DEVELOPMENT_TEAM = JU865Y955R;
				GENERATE_INFOPLIST_FILE = YES;
				INFOPLIST_FILE = Widgets/Info.plist;
				INFOPLIST_KEY_CFBundleDisplayName = Widgets;
				INFOPLIST_KEY_NSHumanReadableCopyright = "";
				IPHONEOS_DEPLOYMENT_TARGET = 18.6;
				LD_RUNPATH_SEARCH_PATHS = (
					"$(inherited)",
					"@executable_path/Frameworks",
					"@executable_path/../../Frameworks",
				);
				MARKETING_VERSION = 1.0;
				PRODUCT_BUNDLE_IDENTIFIER = app.stayhappy.StayHappy.Widgets;
				PRODUCT_NAME = "$(TARGET_NAME)";
				SKIP_INSTALL = YES;
				SUPPORTED_PLATFORMS = "iphoneos iphonesimulator";
				SUPPORTS_MACCATALYST = NO;
				SWIFT_EMIT_LOC_STRINGS = YES;
				SWIFT_VERSION = 5.0;
				TARGETED_DEVICE_FAMILY = 1;
			};
			name = Release;
		};
		45B6F7042B4EF0BA003A42F8 /* Debug */ = {
			isa = XCBuildConfiguration;
			buildSettings = {
				ALWAYS_SEARCH_USER_PATHS = NO;
				ASSETCATALOG_COMPILER_GENERATE_SWIFT_ASSET_SYMBOL_EXTENSIONS = YES;
				CLANG_ANALYZER_LOCALIZABILITY_NONLOCALIZED = YES;
				CLANG_ANALYZER_NONNULL = YES;
				CLANG_ANALYZER_NUMBER_OBJECT_CONVERSION = YES_AGGRESSIVE;
				CLANG_CXX_LANGUAGE_STANDARD = "gnu++20";
				CLANG_ENABLE_MODULES = YES;
				CLANG_ENABLE_OBJC_ARC = YES;
				CLANG_ENABLE_OBJC_WEAK = YES;
				CLANG_WARN_BLOCK_CAPTURE_AUTORELEASING = YES;
				CLANG_WARN_BOOL_CONVERSION = YES;
				CLANG_WARN_COMMA = YES;
				CLANG_WARN_CONSTANT_CONVERSION = YES;
				CLANG_WARN_DEPRECATED_OBJC_IMPLEMENTATIONS = YES;
				CLANG_WARN_DIRECT_OBJC_ISA_USAGE = YES_ERROR;
				CLANG_WARN_DOCUMENTATION_COMMENTS = YES;
				CLANG_WARN_EMPTY_BODY = YES;
				CLANG_WARN_ENUM_CONVERSION = YES;
				CLANG_WARN_INFINITE_RECURSION = YES;
				CLANG_WARN_INT_CONVERSION = YES;
				CLANG_WARN_NON_LITERAL_NULL_CONVERSION = YES;
				CLANG_WARN_OBJC_IMPLICIT_RETAIN_SELF = YES;
				CLANG_WARN_OBJC_LITERAL_CONVERSION = YES;
				CLANG_WARN_OBJC_ROOT_CLASS = YES_ERROR;
				CLANG_WARN_QUOTED_INCLUDE_IN_FRAMEWORK_HEADER = YES;
				CLANG_WARN_RANGE_LOOP_ANALYSIS = YES;
				CLANG_WARN_STRICT_PROTOTYPES = YES;
				CLANG_WARN_SUSPICIOUS_MOVE = YES;
				CLANG_WARN_UNGUARDED_AVAILABILITY = YES_AGGRESSIVE;
				CLANG_WARN_UNREACHABLE_CODE = YES;
				CLANG_WARN__DUPLICATE_METHOD_MATCH = YES;
				COPY_PHASE_STRIP = NO;
				DEBUG_INFORMATION_FORMAT = dwarf;
				ENABLE_STRICT_OBJC_MSGSEND = YES;
				ENABLE_TESTABILITY = YES;
				ENABLE_USER_SCRIPT_SANDBOXING = YES;
				GCC_C_LANGUAGE_STANDARD = gnu17;
				GCC_DYNAMIC_NO_PIC = NO;
				GCC_NO_COMMON_BLOCKS = YES;
				GCC_OPTIMIZATION_LEVEL = 0;
				GCC_PREPROCESSOR_DEFINITIONS = (
					"DEBUG=1",
					"$(inherited)",
				);
				GCC_WARN_64_TO_32_BIT_CONVERSION = YES;
				GCC_WARN_ABOUT_RETURN_TYPE = YES_ERROR;
				GCC_WARN_UNDECLARED_SELECTOR = YES;
				GCC_WARN_UNINITIALIZED_AUTOS = YES_AGGRESSIVE;
				GCC_WARN_UNUSED_FUNCTION = YES;
				GCC_WARN_UNUSED_VARIABLE = YES;
				IPHONEOS_DEPLOYMENT_TARGET = 17.2;
				LOCALIZATION_PREFERS_STRING_CATALOGS = YES;
				MTL_ENABLE_DEBUG_INFO = INCLUDE_SOURCE;
				MTL_FAST_MATH = YES;
				ONLY_ACTIVE_ARCH = YES;
				SDKROOT = iphoneos;
				STRING_CATALOG_GENERATE_SYMBOLS = YES;
				SWIFT_ACTIVE_COMPILATION_CONDITIONS = "DEBUG $(inherited)";
				SWIFT_OPTIMIZATION_LEVEL = "-Onone";
			};
			name = Debug;
		};
		45B6F7052B4EF0BA003A42F8 /* Release */ = {
			isa = XCBuildConfiguration;
			buildSettings = {
				ALWAYS_SEARCH_USER_PATHS = NO;
				ASSETCATALOG_COMPILER_GENERATE_SWIFT_ASSET_SYMBOL_EXTENSIONS = YES;
				CLANG_ANALYZER_LOCALIZABILITY_NONLOCALIZED = YES;
				CLANG_ANALYZER_NONNULL = YES;
				CLANG_ANALYZER_NUMBER_OBJECT_CONVERSION = YES_AGGRESSIVE;
				CLANG_CXX_LANGUAGE_STANDARD = "gnu++20";
				CLANG_ENABLE_MODULES = YES;
				CLANG_ENABLE_OBJC_ARC = YES;
				CLANG_ENABLE_OBJC_WEAK = YES;
				CLANG_WARN_BLOCK_CAPTURE_AUTORELEASING = YES;
				CLANG_WARN_BOOL_CONVERSION = YES;
				CLANG_WARN_COMMA = YES;
				CLANG_WARN_CONSTANT_CONVERSION = YES;
				CLANG_WARN_DEPRECATED_OBJC_IMPLEMENTATIONS = YES;
				CLANG_WARN_DIRECT_OBJC_ISA_USAGE = YES_ERROR;
				CLANG_WARN_DOCUMENTATION_COMMENTS = YES;
				CLANG_WARN_EMPTY_BODY = YES;
				CLANG_WARN_ENUM_CONVERSION = YES;
				CLANG_WARN_INFINITE_RECURSION = YES;
				CLANG_WARN_INT_CONVERSION = YES;
				CLANG_WARN_NON_LITERAL_NULL_CONVERSION = YES;
				CLANG_WARN_OBJC_IMPLICIT_RETAIN_SELF = YES;
				CLANG_WARN_OBJC_LITERAL_CONVERSION = YES;
				CLANG_WARN_OBJC_ROOT_CLASS = YES_ERROR;
				CLANG_WARN_QUOTED_INCLUDE_IN_FRAMEWORK_HEADER = YES;
				CLANG_WARN_RANGE_LOOP_ANALYSIS = YES;
				CLANG_WARN_STRICT_PROTOTYPES = YES;
				CLANG_WARN_SUSPICIOUS_MOVE = YES;
				CLANG_WARN_UNGUARDED_AVAILABILITY = YES_AGGRESSIVE;
				CLANG_WARN_UNREACHABLE_CODE = YES;
				CLANG_WARN__DUPLICATE_METHOD_MATCH = YES;
				COPY_PHASE_STRIP = NO;
				DEBUG_INFORMATION_FORMAT = "dwarf-with-dsym";
				ENABLE_NS_ASSERTIONS = NO;
				ENABLE_STRICT_OBJC_MSGSEND = YES;
				ENABLE_USER_SCRIPT_SANDBOXING = YES;
				GCC_C_LANGUAGE_STANDARD = gnu17;
				GCC_NO_COMMON_BLOCKS = YES;
				GCC_WARN_64_TO_32_BIT_CONVERSION = YES;
				GCC_WARN_ABOUT_RETURN_TYPE = YES_ERROR;
				GCC_WARN_UNDECLARED_SELECTOR = YES;
				GCC_WARN_UNINITIALIZED_AUTOS = YES_AGGRESSIVE;
				GCC_WARN_UNUSED_FUNCTION = YES;
				GCC_WARN_UNUSED_VARIABLE = YES;
				IPHONEOS_DEPLOYMENT_TARGET = 17.2;
				LOCALIZATION_PREFERS_STRING_CATALOGS = YES;
				MTL_ENABLE_DEBUG_INFO = NO;
				MTL_FAST_MATH = YES;
				SDKROOT = iphoneos;
				STRING_CATALOG_GENERATE_SYMBOLS = YES;
				SWIFT_COMPILATION_MODE = wholemodule;
				VALIDATE_PRODUCT = YES;
			};
			name = Release;
		};
		45B6F7072B4EF0BA003A42F8 /* Debug */ = {
			isa = XCBuildConfiguration;
			buildSettings = {
				ASSETCATALOG_COMPILER_APPICON_NAME = StayHappyIcon;
				ASSETCATALOG_COMPILER_GLOBAL_ACCENT_COLOR_NAME = AccentColor;
				ASSETCATALOG_COMPILER_INCLUDE_ALL_APPICON_ASSETS = NO;
				ASSETCATALOG_COMPILER_SKIP_APP_STORE_DEPLOYMENT = YES;
				CODE_SIGN_ENTITLEMENTS = StayHappy/StayHappy.entitlements;
				CODE_SIGN_IDENTITY = "Apple Development";
				CODE_SIGN_STYLE = Automatic;
				CURRENT_PROJECT_VERSION = 1;
				DEVELOPMENT_ASSET_PATHS = "\"StayHappy/Preview Content\"";
				DEVELOPMENT_TEAM = JU865Y955R;
				ENABLE_APP_SANDBOX = YES;
				ENABLE_PREVIEWS = YES;
				ENABLE_USER_SELECTED_FILES = readonly;
				GENERATE_INFOPLIST_FILE = YES;
				INFOPLIST_FILE = StayHappy/Info.plist;
				INFOPLIST_KEY_ITSAppUsesNonExemptEncryption = NO;
				INFOPLIST_KEY_LSApplicationCategoryType = "public.app-category.healthcare-fitness";
				INFOPLIST_KEY_UIApplicationSceneManifest_Generation = YES;
				INFOPLIST_KEY_UIApplicationSupportsIndirectInputEvents = YES;
				INFOPLIST_KEY_UILaunchScreen_Generation = YES;
				INFOPLIST_KEY_UISupportedInterfaceOrientations = UIInterfaceOrientationPortrait;
				INFOPLIST_KEY_UISupportedInterfaceOrientations_iPad = "UIInterfaceOrientationPortrait UIInterfaceOrientationPortraitUpsideDown";
				IPHONEOS_DEPLOYMENT_TARGET = 18.6;
				LD_RUNPATH_SEARCH_PATHS = (
					"$(inherited)",
					"@executable_path/Frameworks",
				);
				MARKETING_VERSION = 1.0;
				PRODUCT_BUNDLE_IDENTIFIER = app.stayhappy.StayHappy;
				PRODUCT_NAME = "$(TARGET_NAME)";
				PROVISIONING_PROFILE_SPECIFIER = "";
				SUPPORTED_PLATFORMS = "iphoneos iphonesimulator";
				SUPPORTS_MACCATALYST = NO;
				SUPPORTS_MAC_DESIGNED_FOR_IPHONE_IPAD = NO;
				SUPPORTS_XR_DESIGNED_FOR_IPHONE_IPAD = NO;
				SWIFT_EMIT_LOC_STRINGS = YES;
				SWIFT_VERSION = 5.0;
				TARGETED_DEVICE_FAMILY = 1;
			};
			name = Debug;
		};
		45B6F7082B4EF0BA003A42F8 /* Release */ = {
			isa = XCBuildConfiguration;
			buildSettings = {
				ASSETCATALOG_COMPILER_APPICON_NAME = StayHappyIcon;
				ASSETCATALOG_COMPILER_GLOBAL_ACCENT_COLOR_NAME = AccentColor;
				ASSETCATALOG_COMPILER_INCLUDE_ALL_APPICON_ASSETS = NO;
				CODE_SIGN_ENTITLEMENTS = StayHappy/StayHappy.entitlements;
				CODE_SIGN_IDENTITY = "Apple Development";
				CODE_SIGN_STYLE = Automatic;
				CURRENT_PROJECT_VERSION = 1;
				DEVELOPMENT_ASSET_PATHS = "\"StayHappy/Preview Content\"";
				DEVELOPMENT_TEAM = JU865Y955R;
				ENABLE_APP_SANDBOX = YES;
				ENABLE_PREVIEWS = YES;
				ENABLE_USER_SELECTED_FILES = readonly;
				GENERATE_INFOPLIST_FILE = YES;
				INFOPLIST_FILE = StayHappy/Info.plist;
				INFOPLIST_KEY_ITSAppUsesNonExemptEncryption = NO;
				INFOPLIST_KEY_LSApplicationCategoryType = "public.app-category.healthcare-fitness";
				INFOPLIST_KEY_UIApplicationSceneManifest_Generation = YES;
				INFOPLIST_KEY_UIApplicationSupportsIndirectInputEvents = YES;
				INFOPLIST_KEY_UILaunchScreen_Generation = YES;
				INFOPLIST_KEY_UISupportedInterfaceOrientations = UIInterfaceOrientationPortrait;
				INFOPLIST_KEY_UISupportedInterfaceOrientations_iPad = "UIInterfaceOrientationPortrait UIInterfaceOrientationPortraitUpsideDown";
				IPHONEOS_DEPLOYMENT_TARGET = 18.6;
				LD_RUNPATH_SEARCH_PATHS = (
					"$(inherited)",
					"@executable_path/Frameworks",
				);
				MARKETING_VERSION = 1.0;
				PRODUCT_BUNDLE_IDENTIFIER = app.stayhappy.StayHappy;
				PRODUCT_NAME = "$(TARGET_NAME)";
				PROVISIONING_PROFILE_SPECIFIER = "";
				SUPPORTED_PLATFORMS = "iphoneos iphonesimulator";
				SUPPORTS_MACCATALYST = NO;
				SUPPORTS_MAC_DESIGNED_FOR_IPHONE_IPAD = NO;
				SUPPORTS_XR_DESIGNED_FOR_IPHONE_IPAD = NO;
				SWIFT_EMIT_LOC_STRINGS = YES;
				SWIFT_VERSION = 5.0;
				TARGETED_DEVICE_FAMILY = 1;
			};
			name = Release;
		};
		45B6F70A2B4EF0BA003A42F8 /* Debug */ = {
			isa = XCBuildConfiguration;
			buildSettings = {
				BUNDLE_LOADER = "$(TEST_HOST)";
				CODE_SIGN_STYLE = Automatic;
				CURRENT_PROJECT_VERSION = 1;
				DEVELOPMENT_TEAM = JU865Y955R;
				GENERATE_INFOPLIST_FILE = YES;
				IPHONEOS_DEPLOYMENT_TARGET = 18.6;
				MARKETING_VERSION = 1.0;
				PRODUCT_BUNDLE_IDENTIFIER = app.stayhappy.StayHappyTests;
				PRODUCT_NAME = "$(TARGET_NAME)";
				SUPPORTED_PLATFORMS = "iphoneos iphonesimulator";
				SUPPORTS_MACCATALYST = NO;
				SWIFT_EMIT_LOC_STRINGS = NO;
				SWIFT_VERSION = 5.0;
				TARGETED_DEVICE_FAMILY = 1;
				TEST_HOST = "$(BUILT_PRODUCTS_DIR)/StayHappy.app/$(BUNDLE_EXECUTABLE_FOLDER_PATH)/StayHappy";
			};
			name = Debug;
		};
		45B6F70B2B4EF0BA003A42F8 /* Release */ = {
			isa = XCBuildConfiguration;
			buildSettings = {
				BUNDLE_LOADER = "$(TEST_HOST)";
				CODE_SIGN_STYLE = Automatic;
				CURRENT_PROJECT_VERSION = 1;
				DEVELOPMENT_TEAM = JU865Y955R;
				GENERATE_INFOPLIST_FILE = YES;
				IPHONEOS_DEPLOYMENT_TARGET = 18.6;
				MARKETING_VERSION = 1.0;
				PRODUCT_BUNDLE_IDENTIFIER = app.stayhappy.StayHappyTests;
				PRODUCT_NAME = "$(TARGET_NAME)";
				SUPPORTED_PLATFORMS = "iphoneos iphonesimulator";
				SUPPORTS_MACCATALYST = NO;
				SWIFT_EMIT_LOC_STRINGS = NO;
				SWIFT_VERSION = 5.0;
				TARGETED_DEVICE_FAMILY = 1;
				TEST_HOST = "$(BUILT_PRODUCTS_DIR)/StayHappy.app/$(BUNDLE_EXECUTABLE_FOLDER_PATH)/StayHappy";
			};
			name = Release;
		};
		45B6F70D2B4EF0BA003A42F8 /* Debug */ = {
			isa = XCBuildConfiguration;
			buildSettings = {
				CODE_SIGN_STYLE = Automatic;
				CURRENT_PROJECT_VERSION = 1;
				GENERATE_INFOPLIST_FILE = YES;
				MARKETING_VERSION = 1.0;
				PRODUCT_BUNDLE_IDENTIFIER = app.stayhappy.StayHappyUITests;
				PRODUCT_NAME = "$(TARGET_NAME)";
				SUPPORTED_PLATFORMS = "iphoneos iphonesimulator";
				SUPPORTS_MACCATALYST = NO;
				SWIFT_EMIT_LOC_STRINGS = NO;
				SWIFT_VERSION = 5.0;
				TARGETED_DEVICE_FAMILY = 1;
				TEST_TARGET_NAME = StayHappy;
			};
			name = Debug;
		};
		45B6F70E2B4EF0BA003A42F8 /* Release */ = {
			isa = XCBuildConfiguration;
			buildSettings = {
				CODE_SIGN_STYLE = Automatic;
				CURRENT_PROJECT_VERSION = 1;
				GENERATE_INFOPLIST_FILE = YES;
				MARKETING_VERSION = 1.0;
				PRODUCT_BUNDLE_IDENTIFIER = app.stayhappy.StayHappyUITests;
				PRODUCT_NAME = "$(TARGET_NAME)";
				SUPPORTED_PLATFORMS = "iphoneos iphonesimulator";
				SUPPORTS_MACCATALYST = NO;
				SWIFT_EMIT_LOC_STRINGS = NO;
				SWIFT_VERSION = 5.0;
				TARGETED_DEVICE_FAMILY = 1;
				TEST_TARGET_NAME = StayHappy;
			};
			name = Release;
		};
/* End XCBuildConfiguration section */

/* Begin XCConfigurationList section */
		45AFCB972BE03A3D009D1FD4 /* Build configuration list for PBXNativeTarget "WidgetsExtension" */ = {
			isa = XCConfigurationList;
			buildConfigurations = (
				45AFCB982BE03A3D009D1FD4 /* Debug */,
				45AFCB992BE03A3D009D1FD4 /* Release */,
			);
			defaultConfigurationIsVisible = 0;
			defaultConfigurationName = Release;
		};
		45B6F6D92B4EF0B8003A42F8 /* Build configuration list for PBXProject "StayHappy" */ = {
			isa = XCConfigurationList;
			buildConfigurations = (
				45B6F7042B4EF0BA003A42F8 /* Debug */,
				45B6F7052B4EF0BA003A42F8 /* Release */,
			);
			defaultConfigurationIsVisible = 0;
			defaultConfigurationName = Release;
		};
		45B6F7062B4EF0BA003A42F8 /* Build configuration list for PBXNativeTarget "StayHappy" */ = {
			isa = XCConfigurationList;
			buildConfigurations = (
				45B6F7072B4EF0BA003A42F8 /* Debug */,
				45B6F7082B4EF0BA003A42F8 /* Release */,
			);
			defaultConfigurationIsVisible = 0;
			defaultConfigurationName = Release;
		};
		45B6F7092B4EF0BA003A42F8 /* Build configuration list for PBXNativeTarget "StayHappyTests" */ = {
			isa = XCConfigurationList;
			buildConfigurations = (
				45B6F70A2B4EF0BA003A42F8 /* Debug */,
				45B6F70B2B4EF0BA003A42F8 /* Release */,
			);
			defaultConfigurationIsVisible = 0;
			defaultConfigurationName = Release;
		};
		45B6F70C2B4EF0BA003A42F8 /* Build configuration list for PBXNativeTarget "StayHappyUITests" */ = {
			isa = XCConfigurationList;
			buildConfigurations = (
				45B6F70D2B4EF0BA003A42F8 /* Debug */,
				45B6F70E2B4EF0BA003A42F8 /* Release */,
			);
			defaultConfigurationIsVisible = 0;
			defaultConfigurationName = Release;
		};
/* End XCConfigurationList section */

/* Begin XCRemoteSwiftPackageReference section */
		454014F32B712FDC003A7E24 /* XCRemoteSwiftPackageReference "GRDB" */ = {
			isa = XCRemoteSwiftPackageReference;
			repositoryURL = "https://github.com/groue/GRDB.swift";
			requirement = {
				kind = upToNextMajorVersion;
				minimumVersion = 6.29.3;
			};
		};
		454014FB2B722437003A7E24 /* XCRemoteSwiftPackageReference "GRDBQuery" */ = {
			isa = XCRemoteSwiftPackageReference;
			repositoryURL = "https://github.com/groue/GRDBQuery";
			requirement = {
				kind = exactVersion;
				version = 0.8.0;
			};
		};
		4558FBA02B87B0D5009D506C /* XCRemoteSwiftPackageReference "Hue" */ = {
			isa = XCRemoteSwiftPackageReference;
			repositoryURL = "https://github.com/zenangst/Hue";
			requirement = {
				kind = upToNextMajorVersion;
				minimumVersion = 5.0.1;
			};
		};
		457E5ACE2B8E81D800F2E268 /* XCRemoteSwiftPackageReference "SmoothGradient" */ = {
			isa = XCRemoteSwiftPackageReference;
			repositoryURL = "https://github.com/intitni/SmoothGradient";
			requirement = {
				kind = upToNextMajorVersion;
				minimumVersion = 0.3.1;
			};
		};
		459792C52B74FEBD0047A555 /* XCRemoteSwiftPackageReference "swiftui-introspect" */ = {
			isa = XCRemoteSwiftPackageReference;
			repositoryURL = "https://github.com/siteline/swiftui-introspect";
			requirement = {
				kind = upToNextMajorVersion;
				minimumVersion = 26.0.0;
			};
		};
		459BE7892B8FC69500433B60 /* XCRemoteSwiftPackageReference "Throttler" */ = {
			isa = XCRemoteSwiftPackageReference;
			repositoryURL = "https://github.com/boraseoksoon/Throttler";
			requirement = {
				kind = upToNextMajorVersion;
				minimumVersion = 2.1.3;
			};
		};
		45C99AB32B73984600F61E8D /* XCRemoteSwiftPackageReference "Pow" */ = {
			isa = XCRemoteSwiftPackageReference;
			repositoryURL = "https://github.com/EmergeTools/Pow";
			requirement = {
				kind = upToNextMajorVersion;
				minimumVersion = 1.0.3;
			};
		};
/* End XCRemoteSwiftPackageReference section */

/* Begin XCSwiftPackageProductDependency section */
		454014F42B712FDD003A7E24 /* GRDB */ = {
			isa = XCSwiftPackageProductDependency;
			package = 454014F32B712FDC003A7E24 /* XCRemoteSwiftPackageReference "GRDB" */;
			productName = GRDB;
		};
		454014FC2B722437003A7E24 /* GRDBQuery */ = {
			isa = XCSwiftPackageProductDependency;
			package = 454014FB2B722437003A7E24 /* XCRemoteSwiftPackageReference "GRDBQuery" */;
			productName = GRDBQuery;
		};
		4558FBA12B87B0D5009D506C /* Hue */ = {
			isa = XCSwiftPackageProductDependency;
			package = 4558FBA02B87B0D5009D506C /* XCRemoteSwiftPackageReference "Hue" */;
			productName = Hue;
		};
		457E5ACF2B8E81D800F2E268 /* SmoothGradient */ = {
			isa = XCSwiftPackageProductDependency;
			package = 457E5ACE2B8E81D800F2E268 /* XCRemoteSwiftPackageReference "SmoothGradient" */;
			productName = SmoothGradient;
		};
		459792C62B74FEBD0047A555 /* SwiftUIIntrospect */ = {
			isa = XCSwiftPackageProductDependency;
			package = 459792C52B74FEBD0047A555 /* XCRemoteSwiftPackageReference "swiftui-introspect" */;
			productName = SwiftUIIntrospect;
		};
		459BE78A2B8FC69500433B60 /* Throttler */ = {
			isa = XCSwiftPackageProductDependency;
			package = 459BE7892B8FC69500433B60 /* XCRemoteSwiftPackageReference "Throttler" */;
			productName = Throttler;
		};
		45AFCBA12BE03AA8009D1FD4 /* GRDB */ = {
			isa = XCSwiftPackageProductDependency;
			package = 454014F32B712FDC003A7E24 /* XCRemoteSwiftPackageReference "GRDB" */;
			productName = GRDB;
		};
		45AFCBA32BE03AA8009D1FD4 /* GRDBQuery */ = {
			isa = XCSwiftPackageProductDependency;
			package = 454014FB2B722437003A7E24 /* XCRemoteSwiftPackageReference "GRDBQuery" */;
			productName = GRDBQuery;
		};
		45AFCBA52BE03AA8009D1FD4 /* Hue */ = {
			isa = XCSwiftPackageProductDependency;
			package = 4558FBA02B87B0D5009D506C /* XCRemoteSwiftPackageReference "Hue" */;
			productName = Hue;
		};
		45AFCBA72BE03AA8009D1FD4 /* SmoothGradient */ = {
			isa = XCSwiftPackageProductDependency;
			package = 457E5ACE2B8E81D800F2E268 /* XCRemoteSwiftPackageReference "SmoothGradient" */;
			productName = SmoothGradient;
		};
		45C99AB42B73984600F61E8D /* Pow */ = {
			isa = XCSwiftPackageProductDependency;
			package = 45C99AB32B73984600F61E8D /* XCRemoteSwiftPackageReference "Pow" */;
			productName = Pow;
		};
/* End XCSwiftPackageProductDependency section */
	};
	rootObject = 45B6F6D62B4EF0B8003A42F8 /* Project object */;
}
