{
  "pins" : [
    {
      "identity" : "gradients",
      "kind" : "remoteSourceControl",
      "location" : "https://github.com/Gradients/Gradients.git",
      "state" : {
        "revision" : "0ec91855a90e8b376f7460457b1b5f3f204a1c3c",
        "version" : "0.3.1"
      }
    },
    {
      "identity" : "grdb.swift",
      "kind" : "remoteSourceControl",
      "location" : "https://github.com/groue/GRDB.swift.git",
      "state" : {
        "revision" : "e069e2732e3ee2b67bf89c1bda1937da0eaee7ef",
        "version" : "6.24.2"
      }
    },
    {
      "identity" : "grdbquery",
      "kind" : "remoteSourceControl",
      "location" : "https://github.com/groue/GRDBQuery",
      "state" : {
        "revision" : "42fef11503d221229ec39201c08316b6930755b2",
        "version" : "0.8.0"
      }
    },
    {
      "identity" : "hue",
      "kind" : "remoteSourceControl",
      "location" : "https://github.com/zenangst/Hue",
      "state" : {
        "revision" : "b9d920cee4ba795fefb828d130744eee1e3d2feb",
        "version" : "5.0.1"
      }
    },
    {
      "identity" : "pow",
      "kind" : "remoteSourceControl",
      "location" : "https://github.com/EmergeTools/Pow",
      "state" : {
        "revision" : "cc014eba4b65f689cadc281ad925de5607f2adc9",
        "version" : "1.0.3"
      }
    },
    {
      "identity" : "swiftui-introspect",
      "kind" : "remoteSourceControl",
      "location" : "https://github.com/siteline/swiftui-introspect",
      "state" : {
        "revision" : "18e965f867e37a558ad13c12d330dbe047099180",
        "version" : "1.1.2"
      }
    }
  ],
  "version" : 2
}
