{
  "originHash" : "fe9f18025351f65cea474373c79139bc7f0b4b18cae244bd520dff121b956709",
  "pins" : [
    {
      "identity" : "agrume",
      "kind" : "remoteSourceControl",
      "location" : "https://github.com/JanGorman/Agrume",
      "state" : {
        "revision" : "8e9f9735b67a714b67752b3ff0e5d5a97c29394a",
        "version" : "5.8.10"
      }
    },
    {
      "identity" : "grdb.swift",
      "kind" : "remoteSourceControl",
      "location" : "https://github.com/groue/GRDB.swift.git",
      "state" : {
        "revision" : "2cf6c756e1e5ef6901ebae16576a7e4e4b834622",
        "version" : "6.29.3"
      }
    },
    {
      "identity" : "grdbquery",
      "kind" : "remoteSourceControl",
      "location" : "https://github.com/groue/GRDBQuery",
      "state" : {
        "revision" : "42fef11503d221229ec39201c08316b6930755b2",
        "version" : "0.8.0"
      }
    },
    {
      "identity" : "hue",
      "kind" : "remoteSourceControl",
      "location" : "https://github.com/zenangst/Hue",
      "state" : {
        "revision" : "b9d920cee4ba795fefb828d130744eee1e3d2feb",
        "version" : "5.0.1"
      }
    },
    {
      "identity" : "pow",
      "kind" : "remoteSourceControl",
      "location" : "https://github.com/EmergeTools/Pow",
      "state" : {
        "revision" : "cc014eba4b65f689cadc281ad925de5607f2adc9",
        "version" : "1.0.3"
      }
    },
    {
      "identity" : "smoothgradient",
      "kind" : "remoteSourceControl",
      "location" : "https://github.com/intitni/SmoothGradient",
      "state" : {
        "revision" : "74a39d429a86533eade2426d3a46b0b3812523fa",
        "version" : "0.3.1"
      }
    },
    {
      "identity" : "swiftui-introspect",
      "kind" : "remoteSourceControl",
      "location" : "https://github.com/siteline/swiftui-introspect",
      "state" : {
        "revision" : "807f73ce09a9b9723f12385e592b4e0aaebd3336",
        "version" : "1.3.0"
      }
    },
    {
      "identity" : "swiftygif",
      "kind" : "remoteSourceControl",
      "location" : "https://github.com/kirualex/SwiftyGif",
      "state" : {
        "revision" : "d6d26061d6553a493781ad3df4a8e275c43fc373",
        "version" : "5.4.4"
      }
    },
    {
      "identity" : "throttler",
      "kind" : "remoteSourceControl",
      "location" : "https://github.com/boraseoksoon/Throttler",
      "state" : {
        "revision" : "bd0b16eb9c02e992e2c6cefec3abea0e74b90369",
        "version" : "2.1.3"
      }
    }
  ],
  "version" : 3
}
